{
  "version": 4,
  "terraform_version": "1.9.1",
  "serial": 97,
  "lineage": "3601dc85-496d-0c75-8fe1-c8193077db0a",
  "outputs": {
    "lambda_function_arn": {
      "value": "arn:aws:lambda:us-west-2:533267187815:function:demo-lambda",
      "type": "string"
    },
    "security_hub_event_rule_arn": {
      "value": "arn:aws:events:us-west-2:533267187815:rule/terraform-20240711154015923600000001",
      "type": "string"
    }
  },
  "resources": [
    {
      "mode": "data",
      "type": "archive_file",
      "name": "lambda_zip",
      "provider": "provider[\"registry.terraform.io/hashicorp/archive\"]",
      "instances": [
        {
          "schema_version": 0,
          "attributes": {
            "exclude_symlink_directories": null,
            "excludes": null,
            "id": "67e088a3988f0bb6661fcb5f322f4e331344928e",
            "output_base64sha256": "xPmQtPJtFPxeozGt5uRgXpcFOHPbld013YyOC3jdXYY=",
            "output_base64sha512": "j3ucoUkRADMU6bs1IhotaPaBs1siSsMntiHcrmMtGLJUSt6XDrEButN9aCr069PnK2rf/izVpLKqNMY3KNPw5A==",
            "output_file_mode": null,
            "output_md5": "872c0da6571f3c696fe64af4633e8a48",
            "output_path": "./function/lambda_function.zip",
            "output_sha": "67e088a3988f0bb6661fcb5f322f4e331344928e",
            "output_sha256": "c4f990b4f26d14fc5ea331ade6e4605e97053873db95dd35dd8c8e0b78dd5d86",
            "output_sha512": "8f7b9ca14911003314e9bb35221a2d68f681b35b224ac327b621dcae632d18b2544ade970eb101bad37d682af4ebd3e72b6adffe2cd5a4b2aa34c63728d3f0e4",
            "output_size": 14145604,
            "source": [],
            "source_content": null,
            "source_content_filename": null,
            "source_dir": "./function",
            "source_file": null,
            "type": "zip"
          },
          "sensitive_attributes": []
        }
      ]
    },
    {
      "mode": "data",
      "type": "archive_file",
      "name": "layer_zip",
      "provider": "provider[\"registry.terraform.io/hashicorp/archive\"]",
      "instances": [
        {
          "schema_version": 0,
          "attributes": {
            "exclude_symlink_directories": null,
            "excludes": null,
            "id": "802549bcc65ac396e4181d2309ee54ba15c8aa28",
            "output_base64sha256": "G9HyG8EYxqWwgYBI0ttknsPA3TQCNxyGL+XYNOD2x/c=",
            "output_base64sha512": "09pRsk1qr2/nLl2b+UdOqKZTlk3OuXNnbH1MVxExhAh5vL80feTpw8OzURExKrTinw3nvVeR7K61iVRHk0EgxQ==",
            "output_file_mode": null,
            "output_md5": "cd055512ece32d1955bf9c5d3aa70395",
            "output_path": "./function/package/layer.zip",
            "output_sha": "802549bcc65ac396e4181d2309ee54ba15c8aa28",
            "output_sha256": "1bd1f21bc118c6a5b0818048d2db649ec3c0dd3402371c862fe5d834e0f6c7f7",
            "output_sha512": "d3da51b24d6aaf6fe72e5d9bf9474ea8a653964dceb973676c7d4c571131840879bcbf347de4e9c3c3b35111312ab4e29f0de7bd5791ecaeb5895447934120c5",
            "output_size": 14108963,
            "source": [],
            "source_content": null,
            "source_content_filename": null,
            "source_dir": "./function/package",
            "source_file": null,
            "type": "zip"
          },
          "sensitive_attributes": []
        }
      ]
    },
    {
      "mode": "managed",
      "type": "aws_cloudwatch_event_rule",
      "name": "security_hub_event_rule",
      "provider": "provider[\"registry.terraform.io/hashicorp/aws\"]",
      "instances": [
        {
          "schema_version": 1,
          "attributes": {
            "arn": "arn:aws:events:us-west-2:533267187815:rule/terraform-20240711154015923600000001",
            "description": "EventBridge rule for Security Hub findings",
            "event_bus_name": "default",
            "event_pattern": "{\"detail-type\":[\"Security Hub Findings - Imported\"],\"source\":[\"aws.securityhub\"]}",
            "force_destroy": false,
            "id": "terraform-20240711154015923600000001",
            "is_enabled": true,
            "name": "terraform-20240711154015923600000001",
            "name_prefix": "terraform-",
            "role_arn": "",
            "schedule_expression": "",
            "state": "ENABLED",
            "tags": null,
            "tags_all": {}
          },
          "sensitive_attributes": [],
          "private": "eyJzY2hlbWFfdmVyc2lvbiI6IjEifQ=="
        }
      ]
    },
    {
      "mode": "managed",
      "type": "aws_iam_role",
      "name": "lambda_execution_role",
      "provider": "provider[\"registry.terraform.io/hashicorp/aws\"]",
      "instances": [
        {
          "schema_version": 0,
          "attributes": {
            "arn": "arn:aws:iam::533267187815:role/lambda_execution_role",
            "assume_role_policy": "{\"Statement\":[{\"Action\":\"sts:AssumeRole\",\"Effect\":\"Allow\",\"Principal\":{\"Service\":\"lambda.amazonaws.com\"}}],\"Version\":\"2012-10-17\"}",
            "create_date": "2024-07-11T15:40:17Z",
            "description": "",
            "force_detach_policies": false,
            "id": "lambda_execution_role",
            "inline_policy": [],
            "managed_policy_arns": [],
            "max_session_duration": 3600,
            "name": "lambda_execution_role",
            "name_prefix": "",
            "path": "/",
            "permissions_boundary": "",
            "tags": null,
            "tags_all": {},
            "unique_id": "AROAXYKJTRBT477EKL7U4"
          },
          "sensitive_attributes": [],
          "private": "bnVsbA=="
        }
      ]
    },
    {
      "mode": "managed",
      "type": "aws_iam_role_policy",
      "name": "bedrock_invoke_model_policy",
      "provider": "provider[\"registry.terraform.io/hashicorp/aws\"]",
      "instances": [
        {
          "schema_version": 0,
          "attributes": {
            "id": "lambda_execution_role:bedrock_invoke_model_policy",
            "name": "bedrock_invoke_model_policy",
            "name_prefix": "",
            "policy": "{\"Version\":\"2012-10-17\",\"Statement\":[{\"Action\":[\"bedrock:InvokeModel\",\"bedrock:ListFoundationModels\"],\"Effect\":\"Allow\",\"Resource\":\"arn:aws:bedrock:us-west-2::foundation-model/anthropic.claude-3-sonnet-20240229-v1:0\"}]}",
            "role": "lambda_execution_role"
          },
          "sensitive_attributes": [],
          "private": "bnVsbA==",
          "dependencies": [
            "aws_iam_role.lambda_execution_role"
          ]
        }
      ]
    },
    {
      "mode": "managed",
      "type": "aws_iam_role_policy",
      "name": "lambda_execution_policy",
      "provider": "provider[\"registry.terraform.io/hashicorp/aws\"]",
      "instances": [
        {
          "schema_version": 0,
          "attributes": {
            "id": "lambda_execution_role:lambda_execution_policy",
            "name": "lambda_execution_policy",
            "name_prefix": "",
            "policy": "{\"Version\":\"2012-10-17\",\"Statement\":[{\"Action\":[\"logs:CreateLogGroup\",\"logs:CreateLogStream\",\"logs:PutLogEvents\"],\"Effect\":\"Allow\",\"Resource\":\"arn:aws:logs:*:*:*\"}]}",
            "role": "lambda_execution_role"
          },
          "sensitive_attributes": [],
          "private": "bnVsbA==",
          "dependencies": [
            "aws_iam_role.lambda_execution_role"
          ]
        }
      ]
    },
    {
      "mode": "managed",
      "type": "aws_lambda_function",
      "name": "function",
      "provider": "provider[\"registry.terraform.io/hashicorp/aws\"]",
      "instances": [
        {
          "schema_version": 0,
          "attributes": {
            "architectures": [
              "x86_64"
            ],
            "arn": "arn:aws:lambda:us-west-2:533267187815:function:demo-lambda",
            "code_sha256": "xPmQtPJtFPxeozGt5uRgXpcFOHPbld013YyOC3jdXYY=",
            "code_signing_config_arn": "",
            "dead_letter_config": [],
            "description": "Demo lambda",
            "environment": [],
            "ephemeral_storage": [
              {
                "size": 512
              }
            ],
            "file_system_config": [],
            "filename": "./function/lambda_function.zip",
            "function_name": "demo-lambda",
            "handler": "lambda_function.lambda_handler",
            "id": "demo-lambda",
            "image_config": [],
            "image_uri": "",
            "invoke_arn": "arn:aws:apigateway:us-west-2:lambda:path/2015-03-31/functions/arn:aws:lambda:us-west-2:533267187815:function:demo-lambda/invocations",
            "kms_key_arn": "",
            "last_modified": "2024-07-11T15:40:34.729+0000",
            "layers": [
              "arn:aws:lambda:us-west-2:533267187815:layer:blank-python-lib:4"
            ],
            "logging_config": [
              {
                "application_log_level": "",
                "log_format": "Text",
                "log_group": "/aws/lambda/demo-lambda",
                "system_log_level": ""
              }
            ],
            "memory_size": 256,
            "package_type": "Zip",
            "publish": false,
            "qualified_arn": "arn:aws:lambda:us-west-2:533267187815:function:demo-lambda:$LATEST",
            "qualified_invoke_arn": "arn:aws:apigateway:us-west-2:lambda:path/2015-03-31/functions/arn:aws:lambda:us-west-2:533267187815:function:demo-lambda:$LATEST/invocations",
            "replace_security_groups_on_destroy": null,
            "replacement_security_group_ids": null,
            "reserved_concurrent_executions": -1,
            "role": "arn:aws:iam::533267187815:role/lambda_execution_role",
            "runtime": "python3.8",
            "s3_bucket": null,
            "s3_key": null,
            "s3_object_version": null,
            "signing_job_arn": "",
            "signing_profile_version_arn": "",
            "skip_destroy": false,
            "snap_start": [],
            "source_code_hash": "xPmQtPJtFPxeozGt5uRgXpcFOHPbld013YyOC3jdXYY=",
            "source_code_size": 14145604,
            "tags": null,
            "tags_all": {},
            "timeout": 500,
            "timeouts": null,
            "tracing_config": [
              {
                "mode": "Active"
              }
            ],
            "version": "$LATEST",
            "vpc_config": []
          },
          "sensitive_attributes": [],
          "private": "eyJlMmJmYjczMC1lY2FhLTExZTYtOGY4OC0zNDM2M2JjN2M0YzAiOnsiY3JlYXRlIjo2MDAwMDAwMDAwMDAsImRlbGV0ZSI6NjAwMDAwMDAwMDAwLCJ1cGRhdGUiOjYwMDAwMDAwMDAwMH19",
          "dependencies": [
            "aws_iam_role.lambda_execution_role",
            "aws_lambda_layer_version.libs",
            "data.archive_file.lambda_zip"
          ]
        }
      ]
    },
    {
      "mode": "managed",
      "type": "aws_lambda_layer_version",
      "name": "libs",
      "provider": "provider[\"registry.terraform.io/hashicorp/aws\"]",
      "instances": [
        {
          "schema_version": 0,
          "attributes": {
            "arn": "arn:aws:lambda:us-west-2:533267187815:layer:blank-python-lib:4",
            "code_sha256": "G9HyG8EYxqWwgYBI0ttknsPA3TQCNxyGL+XYNOD2x/c=",
            "compatible_architectures": null,
            "compatible_runtimes": [
              "python3.8"
            ],
            "created_date": "2024-07-11T15:40:26.762+0000",
            "description": "Dependencies for the blank-python sample app.",
            "filename": "function/package/layer.zip",
            "id": "arn:aws:lambda:us-west-2:533267187815:layer:blank-python-lib:4",
            "layer_arn": "arn:aws:lambda:us-west-2:533267187815:layer:blank-python-lib",
            "layer_name": "blank-python-lib",
            "license_info": "",
            "s3_bucket": null,
            "s3_key": null,
            "s3_object_version": null,
            "signing_job_arn": "",
            "signing_profile_version_arn": "",
            "skip_destroy": false,
            "source_code_hash": "",
            "source_code_size": 14108963,
            "version": "4"
          },
          "sensitive_attributes": [],
          "private": "bnVsbA=="
        }
      ]
    },
    {
      "mode": "managed",
      "type": "aws_lambda_permission",
      "name": "allow_eventbridge",
      "provider": "provider[\"registry.terraform.io/hashicorp/aws\"]",
      "instances": [
        {
          "schema_version": 0,
          "attributes": {
            "action": "lambda:InvokeFunction",
            "event_source_token": null,
            "function_name": "demo-lambda",
            "function_url_auth_type": null,
            "id": "AllowExecutionFromEventBridge",
            "principal": "events.amazonaws.com",
            "principal_org_id": null,
            "qualifier": "",
            "source_account": null,
            "source_arn": "arn:aws:events:us-west-2:533267187815:rule/terraform-20240711154015923600000001",
            "statement_id": "AllowExecutionFromEventBridge",
            "statement_id_prefix": ""
          },
          "sensitive_attributes": [],
          "private": "bnVsbA==",
          "dependencies": [
            "aws_cloudwatch_event_rule.security_hub_event_rule",
            "aws_iam_role.lambda_execution_role",
            "aws_lambda_function.function",
            "aws_lambda_layer_version.libs",
            "data.archive_file.lambda_zip"
          ]
        }
      ]
    }
  ],
  "check_results": null
}
