{
  "version": 4,
  "terraform_version": "1.9.1",
  "serial": 629,
  "lineage": "3601dc85-496d-0c75-8fe1-c8193077db0a",
  "outputs": {
    "kendra_data_source_id": {
      "value": "140b99dc-f8ee-424a-8e49-7c735d029aae/8cfaa8c8-e5e1-4d95-9a70-43a09815da89",
      "type": "string"
    },
    "kendra_index_id": {
      "value": "8cfaa8c8-e5e1-4d95-9a70-43a09815da89",
      "type": "string"
    },
    "lex_bot_id": {
      "value": "DRGGBI7XLA",
      "type": "string"
    },
    "s3_bucket_name": {
      "value": "my-llm-pdf-bucket-12344",
      "type": "string"
    }
  },
  "resources": [
    {
      "mode": "data",
      "type": "archive_file",
      "name": "lambda_zip",
      "provider": "provider[\"registry.terraform.io/hashicorp/archive\"]",
      "instances": [
        {
          "schema_version": 0,
          "attributes": {
            "exclude_symlink_directories": null,
            "excludes": null,
            "id": "367f81feffcb4bff6f6ec828b14d9086eca61af8",
            "output_base64sha256": "rljakdVydCAHxGl4wyYh25bBMlpyj3LTVCkfyRWcLkM=",
            "output_base64sha512": "dvDn7wlUbg4tPaHQGPe/046xHLFBt7G1wf09OfjY3lFNuxr7FxGfshL8FSOzWl5XfSYGKoEy1np4kNFXdJXZ+Q==",
            "output_file_mode": null,
            "output_md5": "15fb55eee9e5ed1be1cd2d01de62fc94",
            "output_path": "./function/lambda_function.zip",
            "output_sha": "367f81feffcb4bff6f6ec828b14d9086eca61af8",
            "output_sha256": "ae58da91d572742007c46978c32621db96c1325a728f72d354291fc9159c2e43",
            "output_sha512": "76f0e7ef09546e0e2d3da1d018f7bfd38eb11cb141b7b1b5c1fd3d39f8d8de514dbb1afb17119fb212fc1523b35a5e577d26062a8132d67a7890d1577495d9f9",
            "output_size": 6417,
            "source": [],
            "source_content": null,
            "source_content_filename": null,
            "source_dir": "./function",
            "source_file": null,
            "type": "zip"
          },
          "sensitive_attributes": []
        }
      ]
    },
    {
      "mode": "data",
      "type": "archive_file",
      "name": "layer_zip",
      "provider": "provider[\"registry.terraform.io/hashicorp/archive\"]",
      "instances": [
        {
          "schema_version": 0,
          "attributes": {
            "exclude_symlink_directories": null,
            "excludes": null,
            "id": "1d4b35ee25c30be3c25edd0f5682f747754d5d54",
            "output_base64sha256": "fUmN2qyBe43RlHLWMy+UKl9aVc95eFyfiJPnwc03a9Y=",
            "output_base64sha512": "1ksqKXCHHP2rMxI522oCUI4T0GOvm16PxBog9NTD6246gGLgwNpx2OhA8RNo578ShtT0Vzqn5i0Pu6aGUQKJNg==",
            "output_file_mode": null,
            "output_md5": "0d287a28ce713949055755dceb72e889",
            "output_path": "./layer/layer.zip",
            "output_sha": "1d4b35ee25c30be3c25edd0f5682f747754d5d54",
            "output_sha256": "7d498ddaac817b8dd19472d6332f942a5f5a55cf79785c9f8893e7c1cd376bd6",
            "output_sha512": "d64b2a2970871cfdab331239db6a02508e13d063af9b5e8fc41a20f4d4c3eb6e3a8062e0c0da71d8e840f11368e7bf1286d4f4573aa7e62d0fbba68651028936",
            "output_size": 20787175,
            "source": [],
            "source_content": null,
            "source_content_filename": null,
            "source_dir": "./layer/",
            "source_file": null,
            "type": "zip"
          },
          "sensitive_attributes": []
        }
      ]
    },
    {
      "mode": "managed",
      "type": "aws_cloudwatch_log_group",
      "name": "lex_log_group",
      "provider": "provider[\"registry.terraform.io/hashicorp/aws\"]",
      "instances": [
        {
          "schema_version": 0,
          "attributes": {
            "arn": "arn:aws:logs:us-west-2:533267187815:log-group:/aws/lex/YourStackName2",
            "id": "/aws/lex/YourStackName2",
            "kms_key_id": "",
            "log_group_class": "STANDARD",
            "name": "/aws/lex/YourStackName2",
            "name_prefix": "",
            "retention_in_days": 14,
            "skip_destroy": false,
            "tags": {},
            "tags_all": {}
          },
          "sensitive_attributes": [],
          "private": "bnVsbA=="
        }
      ]
    },
    {
      "mode": "managed",
      "type": "aws_iam_role",
      "name": "bedrock_lambda_execution_role",
      "provider": "provider[\"registry.terraform.io/hashicorp/aws\"]",
      "instances": [
        {
          "schema_version": 0,
          "attributes": {
            "arn": "arn:aws:iam::533267187815:role/BedRockLambdaExecutionRole",
            "assume_role_policy": "{\"Statement\":[{\"Action\":\"sts:AssumeRole\",\"Effect\":\"Allow\",\"Principal\":{\"Service\":\"lambda.amazonaws.com\"}}],\"Version\":\"2012-10-17\"}",
            "create_date": "2024-08-01T13:26:10Z",
            "description": "",
            "force_detach_policies": false,
            "id": "BedRockLambdaExecutionRole",
            "inline_policy": [
              {
                "name": "BedrockAccess",
                "policy": "{\"Version\":\"2012-10-17\",\"Statement\":[{\"Action\":\"bedrock:*\",\"Effect\":\"Allow\",\"Resource\":\"*\"}]}"
              },
              {
                "name": "KendraAccess",
                "policy": "{\"Version\":\"2012-10-17\",\"Statement\":[{\"Action\":\"kendra:*\",\"Effect\":\"Allow\",\"Resource\":\"*\"}]}"
              },
              {
                "name": "S3Access",
                "policy": "{\"Version\":\"2012-10-17\",\"Statement\":[{\"Action\":[\"s3:PutObject\",\"s3:GetObject\",\"s3:ListBucket\"],\"Effect\":\"Allow\",\"Resource\":[\"arn:aws:s3:::*\",\"arn:aws:s3:::*/*\"]}]}"
              }
            ],
            "managed_policy_arns": [
              "arn:aws:iam::aws:policy/service-role/AWSLambdaBasicExecutionRole"
            ],
            "max_session_duration": 3600,
            "name": "BedRockLambdaExecutionRole",
            "name_prefix": "",
            "path": "/",
            "permissions_boundary": "",
            "tags": {},
            "tags_all": {},
            "unique_id": "AROAXYKJTRBT3XO3BFML5"
          },
          "sensitive_attributes": [],
          "private": "bnVsbA=="
        }
      ]
    },
    {
      "mode": "managed",
      "type": "aws_iam_role",
      "name": "bot_runtime_role",
      "provider": "provider[\"registry.terraform.io/hashicorp/aws\"]",
      "instances": [
        {
          "schema_version": 0,
          "attributes": {
            "arn": "arn:aws:iam::533267187815:role/LexBotRuntimeRole",
            "assume_role_policy": "{\"Statement\":[{\"Action\":\"sts:AssumeRole\",\"Effect\":\"Allow\",\"Principal\":{\"Service\":\"lexv2.amazonaws.com\"}}],\"Version\":\"2012-10-17\"}",
            "create_date": "2024-07-25T04:41:25Z",
            "description": "",
            "force_detach_policies": false,
            "id": "LexBotRuntimeRole",
            "inline_policy": [
              {
                "name": "LexRuntimeRolePolicy",
                "policy": "{\"Version\":\"2012-10-17\",\"Statement\":[{\"Action\":[\"polly:SynthesizeSpeech\",\"comprehend:DetectSentiment\",\"lambda:InvokeFunction\",\"s3:PutObject\",\"logs:CreateLogStream\",\"logs:PutLogEvents\"],\"Effect\":\"Allow\",\"Resource\":\"*\"},{\"Action\":\"s3:PutObject\",\"Effect\":\"Allow\",\"Resource\":\"arn:aws:s3:::my-llm-pdf-bucket-12344/lex-audio-logs/*\"},{\"Action\":[\"logs:CreateLogStream\",\"logs:PutLogEvents\"],\"Effect\":\"Allow\",\"Resource\":\"arn:aws:logs:us-west-2:533267187815:log-group:/aws/lex/YourStackName2\"}]}"
              },
              {
                "name": "lexlambdapolicy",
                "policy": "{\"Version\":\"2012-10-17\",\"Statement\":[{\"Action\":\"lambda:InvokeFunction\",\"Effect\":\"Allow\",\"Resource\":\"arn:aws:lambda:us-west-2:533267187815:function:GeneratePlaybookFunction\"}]}"
              }
            ],
            "managed_policy_arns": [],
            "max_session_duration": 3600,
            "name": "LexBotRuntimeRole",
            "name_prefix": "",
            "path": "/",
            "permissions_boundary": "",
            "tags": {},
            "tags_all": {},
            "unique_id": "AROAXYKJTRBTQPAFBLF2B"
          },
          "sensitive_attributes": [],
          "private": "bnVsbA=="
        }
      ]
    },
    {
      "mode": "managed",
      "type": "aws_iam_role",
      "name": "kendra_data_source_role",
      "provider": "provider[\"registry.terraform.io/hashicorp/aws\"]",
      "instances": [
        {
          "schema_version": 0,
          "attributes": {
            "arn": "arn:aws:iam::533267187815:role/KendraDataSourceRole",
            "assume_role_policy": "{\"Statement\":[{\"Action\":\"sts:AssumeRole\",\"Effect\":\"Allow\",\"Principal\":{\"Service\":\"kendra.amazonaws.com\"}}],\"Version\":\"2012-10-17\"}",
            "create_date": "2024-08-01T13:26:10Z",
            "description": "",
            "force_detach_policies": false,
            "id": "KendraDataSourceRole",
            "inline_policy": [
              {
                "name": "KendraDataSourcePolicy",
                "policy": "{\"Version\":\"2012-10-17\",\"Statement\":[{\"Action\":[\"s3:GetObject\",\"s3:ListBucket\"],\"Effect\":\"Allow\",\"Resource\":[\"arn:aws:s3:::my-llm-pdf-bucket-12344\",\"arn:aws:s3:::my-llm-pdf-bucket-12344/*\"]},{\"Action\":[\"kendra:BatchPutDocument\",\"kendra:BatchDeleteDocument\"],\"Effect\":\"Allow\",\"Resource\":\"arn:aws:kendra:us-west-2:533267187815:index/8cfaa8c8-e5e1-4d95-9a70-43a09815da89\"}]}"
              }
            ],
            "managed_policy_arns": [],
            "max_session_duration": 3600,
            "name": "KendraDataSourceRole",
            "name_prefix": "",
            "path": "/",
            "permissions_boundary": "",
            "tags": {},
            "tags_all": {},
            "unique_id": "AROAXYKJTRBTV247UYX4D"
          },
          "sensitive_attributes": [],
          "private": "bnVsbA=="
        }
      ]
    },
    {
      "mode": "managed",
      "type": "aws_iam_role",
      "name": "kendra_index_role",
      "provider": "provider[\"registry.terraform.io/hashicorp/aws\"]",
      "instances": [
        {
          "schema_version": 0,
          "attributes": {
            "arn": "arn:aws:iam::533267187815:role/KendraIndexRole",
            "assume_role_policy": "{\"Statement\":[{\"Action\":\"sts:AssumeRole\",\"Effect\":\"Allow\",\"Principal\":{\"Service\":\"kendra.amazonaws.com\"}}],\"Version\":\"2012-10-17\"}",
            "create_date": "2024-08-01T13:26:10Z",
            "description": "",
            "force_detach_policies": false,
            "id": "KendraIndexRole",
            "inline_policy": [
              {
                "name": "KendraIndexPolicy",
                "policy": "{\"Version\":\"2012-10-17\",\"Statement\":[{\"Action\":[\"s3:GetObject\",\"s3:ListBucket\"],\"Effect\":\"Allow\",\"Resource\":[\"arn:aws:s3:::my-llm-pdf-bucket-12344\",\"arn:aws:s3:::my-llm-pdf-bucket-12344/*\"]}]}"
              }
            ],
            "managed_policy_arns": [
              "arn:aws:iam::aws:policy/AWSOpsWorksCloudWatchLogs"
            ],
            "max_session_duration": 3600,
            "name": "KendraIndexRole",
            "name_prefix": "",
            "path": "/",
            "permissions_boundary": "",
            "tags": {},
            "tags_all": {},
            "unique_id": "AROAXYKJTRBTTHNM7KHWP"
          },
          "sensitive_attributes": [],
          "private": "bnVsbA=="
        }
      ]
    },
    {
      "mode": "managed",
      "type": "aws_iam_role_policy",
      "name": "bedrock_access",
      "provider": "provider[\"registry.terraform.io/hashicorp/aws\"]",
      "instances": [
        {
          "schema_version": 0,
          "attributes": {
            "id": "BedRockLambdaExecutionRole:BedrockAccess",
            "name": "BedrockAccess",
            "name_prefix": "",
            "policy": "{\"Version\":\"2012-10-17\",\"Statement\":[{\"Action\":\"bedrock:*\",\"Effect\":\"Allow\",\"Resource\":\"*\"}]}",
            "role": "BedRockLambdaExecutionRole"
          },
          "sensitive_attributes": [],
          "private": "bnVsbA==",
          "dependencies": [
            "aws_iam_role.bedrock_lambda_execution_role"
          ]
        }
      ]
    },
    {
      "mode": "managed",
      "type": "aws_iam_role_policy",
      "name": "kendra_access",
      "provider": "provider[\"registry.terraform.io/hashicorp/aws\"]",
      "instances": [
        {
          "schema_version": 0,
          "attributes": {
            "id": "BedRockLambdaExecutionRole:KendraAccess",
            "name": "KendraAccess",
            "name_prefix": "",
            "policy": "{\"Version\":\"2012-10-17\",\"Statement\":[{\"Action\":\"kendra:*\",\"Effect\":\"Allow\",\"Resource\":\"*\"}]}",
            "role": "BedRockLambdaExecutionRole"
          },
          "sensitive_attributes": [],
          "private": "bnVsbA==",
          "dependencies": [
            "aws_iam_role.bedrock_lambda_execution_role"
          ]
        }
      ]
    },
    {
      "mode": "managed",
      "type": "aws_iam_role_policy",
      "name": "kendra_data_source_policy",
      "provider": "provider[\"registry.terraform.io/hashicorp/aws\"]",
      "instances": [
        {
          "schema_version": 0,
          "attributes": {
            "id": "KendraDataSourceRole:KendraDataSourcePolicy",
            "name": "KendraDataSourcePolicy",
            "name_prefix": "",
            "policy": "{\"Version\":\"2012-10-17\",\"Statement\":[{\"Action\":[\"s3:GetObject\",\"s3:ListBucket\"],\"Effect\":\"Allow\",\"Resource\":[\"arn:aws:s3:::my-llm-pdf-bucket-12344\",\"arn:aws:s3:::my-llm-pdf-bucket-12344/*\"]},{\"Action\":[\"kendra:BatchPutDocument\",\"kendra:BatchDeleteDocument\"],\"Effect\":\"Allow\",\"Resource\":\"arn:aws:kendra:us-west-2:533267187815:index/8cfaa8c8-e5e1-4d95-9a70-43a09815da89\"}]}",
            "role": "KendraDataSourceRole"
          },
          "sensitive_attributes": [],
          "private": "bnVsbA==",
          "dependencies": [
            "aws_iam_role.kendra_data_source_role",
            "aws_iam_role.kendra_index_role",
            "aws_kendra_index.kendra_index",
            "aws_s3_bucket.s3_bucket"
          ]
        }
      ]
    },
    {
      "mode": "managed",
      "type": "aws_iam_role_policy",
      "name": "kendra_index_policy",
      "provider": "provider[\"registry.terraform.io/hashicorp/aws\"]",
      "instances": [
        {
          "schema_version": 0,
          "attributes": {
            "id": "KendraIndexRole:KendraIndexPolicy",
            "name": "KendraIndexPolicy",
            "name_prefix": "",
            "policy": "{\"Version\":\"2012-10-17\",\"Statement\":[{\"Action\":[\"s3:GetObject\",\"s3:ListBucket\"],\"Effect\":\"Allow\",\"Resource\":[\"arn:aws:s3:::my-llm-pdf-bucket-12344\",\"arn:aws:s3:::my-llm-pdf-bucket-12344/*\"]}]}",
            "role": "KendraIndexRole"
          },
          "sensitive_attributes": [],
          "private": "bnVsbA==",
          "dependencies": [
            "aws_iam_role.kendra_index_role",
            "aws_s3_bucket.s3_bucket"
          ]
        }
      ]
    },
    {
      "mode": "managed",
      "type": "aws_iam_role_policy",
      "name": "lex_runtime_role_policy",
      "provider": "provider[\"registry.terraform.io/hashicorp/aws\"]",
      "instances": [
        {
          "schema_version": 0,
          "attributes": {
            "id": "LexBotRuntimeRole:LexRuntimeRolePolicy",
            "name": "LexRuntimeRolePolicy",
            "name_prefix": "",
            "policy": "{\"Version\":\"2012-10-17\",\"Statement\":[{\"Action\":[\"polly:SynthesizeSpeech\",\"comprehend:DetectSentiment\",\"lambda:InvokeFunction\",\"s3:PutObject\",\"logs:CreateLogStream\",\"logs:PutLogEvents\"],\"Effect\":\"Allow\",\"Resource\":\"*\"},{\"Action\":\"s3:PutObject\",\"Effect\":\"Allow\",\"Resource\":\"arn:aws:s3:::my-llm-pdf-bucket-12344/lex-audio-logs/*\"},{\"Action\":[\"logs:CreateLogStream\",\"logs:PutLogEvents\"],\"Effect\":\"Allow\",\"Resource\":\"arn:aws:logs:us-west-2:533267187815:log-group:/aws/lex/YourStackName2\"}]}",
            "role": "LexBotRuntimeRole"
          },
          "sensitive_attributes": [],
          "private": "bnVsbA==",
          "dependencies": [
            "aws_cloudwatch_log_group.lex_log_group",
            "aws_iam_role.bot_runtime_role",
            "aws_s3_bucket.s3_bucket"
          ]
        }
      ]
    },
    {
      "mode": "managed",
      "type": "aws_iam_role_policy",
      "name": "s3_access",
      "provider": "provider[\"registry.terraform.io/hashicorp/aws\"]",
      "instances": [
        {
          "schema_version": 0,
          "attributes": {
            "id": "BedRockLambdaExecutionRole:S3Access",
            "name": "S3Access",
            "name_prefix": "",
            "policy": "{\"Version\":\"2012-10-17\",\"Statement\":[{\"Action\":[\"s3:PutObject\",\"s3:GetObject\",\"s3:ListBucket\"],\"Effect\":\"Allow\",\"Resource\":[\"arn:aws:s3:::*\",\"arn:aws:s3:::*/*\"]}]}",
            "role": "BedRockLambdaExecutionRole"
          },
          "sensitive_attributes": [],
          "private": "bnVsbA==",
          "dependencies": [
            "aws_iam_role.bedrock_lambda_execution_role"
          ]
        }
      ]
    },
    {
      "mode": "managed",
      "type": "aws_iam_role_policy_attachment",
      "name": "kendra_cloudwatch_logs",
      "provider": "provider[\"registry.terraform.io/hashicorp/aws\"]",
      "instances": [
        {
          "schema_version": 0,
          "attributes": {
            "id": "KendraIndexRole-20240801132611354400000002",
            "policy_arn": "arn:aws:iam::aws:policy/AWSOpsWorksCloudWatchLogs",
            "role": "KendraIndexRole"
          },
          "sensitive_attributes": [],
          "private": "bnVsbA==",
          "dependencies": [
            "aws_iam_role.kendra_index_role"
          ]
        }
      ]
    },
    {
      "mode": "managed",
      "type": "aws_iam_role_policy_attachment",
      "name": "lambda_basic_execution",
      "provider": "provider[\"registry.terraform.io/hashicorp/aws\"]",
      "instances": [
        {
          "schema_version": 0,
          "attributes": {
            "id": "BedRockLambdaExecutionRole-20240801132611459700000003",
            "policy_arn": "arn:aws:iam::aws:policy/service-role/AWSLambdaBasicExecutionRole",
            "role": "BedRockLambdaExecutionRole"
          },
          "sensitive_attributes": [],
          "private": "bnVsbA==",
          "dependencies": [
            "aws_iam_role.bedrock_lambda_execution_role"
          ]
        }
      ]
    },
    {
      "mode": "managed",
      "type": "aws_kendra_data_source",
      "name": "kendra_data_source",
      "provider": "provider[\"registry.terraform.io/hashicorp/aws\"]",
      "instances": [
        {
          "schema_version": 0,
          "attributes": {
            "arn": "arn:aws:kendra:us-west-2:533267187815:index/8cfaa8c8-e5e1-4d95-9a70-43a09815da89/data-source/140b99dc-f8ee-424a-8e49-7c735d029aae",
            "configuration": [
              {
                "s3_configuration": [
                  {
                    "access_control_list_configuration": [],
                    "bucket_name": "my-llm-pdf-bucket-12344",
                    "documents_metadata_configuration": [],
                    "exclusion_patterns": [],
                    "inclusion_patterns": [],
                    "inclusion_prefixes": []
                  }
                ],
                "web_crawler_configuration": []
              }
            ],
            "created_at": "2024-08-01T13:43:02Z",
            "custom_document_enrichment_configuration": [],
            "data_source_id": "140b99dc-f8ee-424a-8e49-7c735d029aae",
            "description": "",
            "error_message": "",
            "id": "140b99dc-f8ee-424a-8e49-7c735d029aae/8cfaa8c8-e5e1-4d95-9a70-43a09815da89",
            "index_id": "8cfaa8c8-e5e1-4d95-9a70-43a09815da89",
            "language_code": "en",
            "name": "YourStackName-s3-datasource2",
            "role_arn": "arn:aws:iam::533267187815:role/KendraDataSourceRole",
            "schedule": "",
            "status": "ACTIVE",
            "tags": {
              "Name": "YourStackName-s3-datasource2"
            },
            "tags_all": {
              "Name": "YourStackName-s3-datasource2"
            },
            "timeouts": null,
            "type": "S3",
            "updated_at": "2024-08-01T13:43:02Z"
          },
          "sensitive_attributes": [],
          "private": "eyJlMmJmYjczMC1lY2FhLTExZTYtOGY4OC0zNDM2M2JjN2M0YzAiOnsiY3JlYXRlIjoxODAwMDAwMDAwMDAwLCJkZWxldGUiOjE4MDAwMDAwMDAwMDAsInVwZGF0ZSI6MTgwMDAwMDAwMDAwMH19",
          "dependencies": [
            "aws_iam_role.kendra_data_source_role",
            "aws_iam_role.kendra_index_role",
            "aws_kendra_index.kendra_index",
            "aws_s3_bucket.s3_bucket"
          ]
        }
      ]
    },
    {
      "mode": "managed",
      "type": "aws_kendra_index",
      "name": "kendra_index",
      "provider": "provider[\"registry.terraform.io/hashicorp/aws\"]",
      "instances": [
        {
          "schema_version": 0,
          "attributes": {
            "arn": "arn:aws:kendra:us-west-2:533267187815:index/8cfaa8c8-e5e1-4d95-9a70-43a09815da89",
            "capacity_units": [
              {
                "query_capacity_units": 0,
                "storage_capacity_units": 0
              }
            ],
            "created_at": "2024-08-01T13:26:19Z",
            "description": "",
            "document_metadata_configuration_updates": [
              {
                "name": "_authors",
                "relevance": [
                  {
                    "duration": "",
                    "freshness": false,
                    "importance": 1,
                    "rank_order": "",
                    "values_importance_map": {}
                  }
                ],
                "search": [
                  {
                    "displayable": false,
                    "facetable": false,
                    "searchable": false,
                    "sortable": false
                  }
                ],
                "type": "STRING_LIST_VALUE"
              },
              {
                "name": "_category",
                "relevance": [
                  {
                    "duration": "",
                    "freshness": false,
                    "importance": 1,
                    "rank_order": "",
                    "values_importance_map": {}
                  }
                ],
                "search": [
                  {
                    "displayable": false,
                    "facetable": false,
                    "searchable": false,
                    "sortable": true
                  }
                ],
                "type": "STRING_VALUE"
              },
              {
                "name": "_created_at",
                "relevance": [
                  {
                    "duration": "25920000s",
                    "freshness": false,
                    "importance": 1,
                    "rank_order": "ASCENDING",
                    "values_importance_map": {}
                  }
                ],
                "search": [
                  {
                    "displayable": false,
                    "facetable": false,
                    "searchable": false,
                    "sortable": true
                  }
                ],
                "type": "DATE_VALUE"
              },
              {
                "name": "_data_source_id",
                "relevance": [
                  {
                    "duration": "",
                    "freshness": false,
                    "importance": 1,
                    "rank_order": "",
                    "values_importance_map": {}
                  }
                ],
                "search": [
                  {
                    "displayable": false,
                    "facetable": false,
                    "searchable": false,
                    "sortable": true
                  }
                ],
                "type": "STRING_VALUE"
              },
              {
                "name": "_document_title",
                "relevance": [
                  {
                    "duration": "",
                    "freshness": false,
                    "importance": 2,
                    "rank_order": "",
                    "values_importance_map": {}
                  }
                ],
                "search": [
                  {
                    "displayable": true,
                    "facetable": false,
                    "searchable": true,
                    "sortable": true
                  }
                ],
                "type": "STRING_VALUE"
              },
              {
                "name": "_excerpt_page_number",
                "relevance": [
                  {
                    "duration": "",
                    "freshness": false,
                    "importance": 1,
                    "rank_order": "ASCENDING",
                    "values_importance_map": {}
                  }
                ],
                "search": [
                  {
                    "displayable": false,
                    "facetable": false,
                    "searchable": false,
                    "sortable": false
                  }
                ],
                "type": "LONG_VALUE"
              },
              {
                "name": "_faq_id",
                "relevance": [
                  {
                    "duration": "",
                    "freshness": false,
                    "importance": 1,
                    "rank_order": "",
                    "values_importance_map": {}
                  }
                ],
                "search": [
                  {
                    "displayable": false,
                    "facetable": false,
                    "searchable": false,
                    "sortable": true
                  }
                ],
                "type": "STRING_VALUE"
              },
              {
                "name": "_file_type",
                "relevance": [
                  {
                    "duration": "",
                    "freshness": false,
                    "importance": 1,
                    "rank_order": "",
                    "values_importance_map": {}
                  }
                ],
                "search": [
                  {
                    "displayable": false,
                    "facetable": false,
                    "searchable": false,
                    "sortable": true
                  }
                ],
                "type": "STRING_VALUE"
              },
              {
                "name": "_language_code",
                "relevance": [
                  {
                    "duration": "",
                    "freshness": false,
                    "importance": 1,
                    "rank_order": "",
                    "values_importance_map": {}
                  }
                ],
                "search": [
                  {
                    "displayable": false,
                    "facetable": false,
                    "searchable": false,
                    "sortable": true
                  }
                ],
                "type": "STRING_VALUE"
              },
              {
                "name": "_last_updated_at",
                "relevance": [
                  {
                    "duration": "25920000s",
                    "freshness": false,
                    "importance": 1,
                    "rank_order": "ASCENDING",
                    "values_importance_map": {}
                  }
                ],
                "search": [
                  {
                    "displayable": false,
                    "facetable": false,
                    "searchable": false,
                    "sortable": true
                  }
                ],
                "type": "DATE_VALUE"
              },
              {
                "name": "_source_uri",
                "relevance": [
                  {
                    "duration": "",
                    "freshness": false,
                    "importance": 1,
                    "rank_order": "",
                    "values_importance_map": {}
                  }
                ],
                "search": [
                  {
                    "displayable": true,
                    "facetable": false,
                    "searchable": false,
                    "sortable": false
                  }
                ],
                "type": "STRING_VALUE"
              },
              {
                "name": "_tenant_id",
                "relevance": [
                  {
                    "duration": "",
                    "freshness": false,
                    "importance": 1,
                    "rank_order": "",
                    "values_importance_map": {}
                  }
                ],
                "search": [
                  {
                    "displayable": false,
                    "facetable": false,
                    "searchable": false,
                    "sortable": true
                  }
                ],
                "type": "STRING_VALUE"
              },
              {
                "name": "_version",
                "relevance": [
                  {
                    "duration": "",
                    "freshness": false,
                    "importance": 1,
                    "rank_order": "",
                    "values_importance_map": {}
                  }
                ],
                "search": [
                  {
                    "displayable": false,
                    "facetable": false,
                    "searchable": false,
                    "sortable": true
                  }
                ],
                "type": "STRING_VALUE"
              },
              {
                "name": "_view_count",
                "relevance": [
                  {
                    "duration": "",
                    "freshness": false,
                    "importance": 1,
                    "rank_order": "ASCENDING",
                    "values_importance_map": {}
                  }
                ],
                "search": [
                  {
                    "displayable": false,
                    "facetable": false,
                    "searchable": false,
                    "sortable": true
                  }
                ],
                "type": "LONG_VALUE"
              }
            ],
            "edition": "DEVELOPER_EDITION",
            "error_message": "",
            "id": "8cfaa8c8-e5e1-4d95-9a70-43a09815da89",
            "index_statistics": [
              {
                "faq_statistics": [
                  {
                    "indexed_question_answers_count": 0
                  }
                ],
                "text_document_statistics": [
                  {
                    "indexed_text_bytes": 0,
                    "indexed_text_documents_count": 0
                  }
                ]
              }
            ],
            "name": "YourStackName-index2",
            "role_arn": "arn:aws:iam::533267187815:role/KendraIndexRole",
            "server_side_encryption_configuration": [],
            "status": "ACTIVE",
            "tags": {},
            "tags_all": {},
            "timeouts": null,
            "updated_at": "2024-08-01T13:26:19Z",
            "user_context_policy": "ATTRIBUTE_FILTER",
            "user_group_resolution_configuration": [],
            "user_token_configurations": []
          },
          "sensitive_attributes": [],
          "private": "eyJlMmJmYjczMC1lY2FhLTExZTYtOGY4OC0zNDM2M2JjN2M0YzAiOnsiY3JlYXRlIjozNjAwMDAwMDAwMDAwLCJkZWxldGUiOjM2MDAwMDAwMDAwMDAsInVwZGF0ZSI6MzYwMDAwMDAwMDAwMH19",
          "dependencies": [
            "aws_iam_role.kendra_index_role"
          ]
        }
      ]
    },
    {
      "mode": "managed",
      "type": "aws_lambda_function",
      "name": "bedrock_lex_lambda",
      "provider": "provider[\"registry.terraform.io/hashicorp/aws\"]",
      "instances": [
        {
          "schema_version": 0,
          "attributes": {
            "architectures": [
              "x86_64"
            ],
            "arn": "arn:aws:lambda:us-west-2:533267187815:function:BedRockLexLambda",
            "code_sha256": "rljakdVydCAHxGl4wyYh25bBMlpyj3LTVCkfyRWcLkM=",
            "code_signing_config_arn": "",
            "dead_letter_config": [],
            "description": "",
            "environment": [
              {
                "variables": {
                  "KENDRA_INDEX_ID": "8cfaa8c8-e5e1-4d95-9a70-43a09815da89",
                  "KENDRA_INDEX_NAME": "YourStackName-index2-index"
                }
              }
            ],
            "ephemeral_storage": [
              {
                "size": 512
              }
            ],
            "file_system_config": [],
            "filename": "./function/lambda_function.zip",
            "function_name": "BedRockLexLambda",
            "handler": "lambda_lex_function.lambda_handler",
            "id": "BedRockLexLambda",
            "image_config": [],
            "image_uri": "",
            "invoke_arn": "arn:aws:apigateway:us-west-2:lambda:path/2015-03-31/functions/arn:aws:lambda:us-west-2:533267187815:function:BedRockLexLambda/invocations",
            "kms_key_arn": "",
            "last_modified": "2024-08-01T14:50:31.000+0000",
            "layers": [
              "arn:aws:lambda:us-west-2:533267187815:layer:blank-python-lib:22"
            ],
            "logging_config": [
              {
                "application_log_level": "",
                "log_format": "Text",
                "log_group": "/aws/lambda/BedRockLexLambda",
                "system_log_level": ""
              }
            ],
            "memory_size": 256,
            "package_type": "Zip",
            "publish": false,
            "qualified_arn": "arn:aws:lambda:us-west-2:533267187815:function:BedRockLexLambda:$LATEST",
            "qualified_invoke_arn": "arn:aws:apigateway:us-west-2:lambda:path/2015-03-31/functions/arn:aws:lambda:us-west-2:533267187815:function:BedRockLexLambda:$LATEST/invocations",
            "replace_security_groups_on_destroy": null,
            "replacement_security_group_ids": null,
            "reserved_concurrent_executions": -1,
            "role": "arn:aws:iam::533267187815:role/BedRockLambdaExecutionRole",
            "runtime": "python3.8",
            "s3_bucket": null,
            "s3_key": null,
            "s3_object_version": null,
            "signing_job_arn": "",
            "signing_profile_version_arn": "",
            "skip_destroy": false,
            "snap_start": [],
            "source_code_hash": "rljakdVydCAHxGl4wyYh25bBMlpyj3LTVCkfyRWcLkM=",
            "source_code_size": 6417,
            "tags": {},
            "tags_all": {},
            "timeout": 500,
            "timeouts": null,
            "tracing_config": [
              {
                "mode": "PassThrough"
              }
            ],
            "version": "$LATEST",
            "vpc_config": []
          },
          "sensitive_attributes": [],
          "private": "eyJlMmJmYjczMC1lY2FhLTExZTYtOGY4OC0zNDM2M2JjN2M0YzAiOnsiY3JlYXRlIjo2MDAwMDAwMDAwMDAsImRlbGV0ZSI6NjAwMDAwMDAwMDAwLCJ1cGRhdGUiOjYwMDAwMDAwMDAwMH19",
          "dependencies": [
            "aws_iam_role.bedrock_lambda_execution_role",
            "aws_iam_role.kendra_index_role",
            "aws_kendra_index.kendra_index",
            "aws_lambda_layer_version.libs",
            "data.archive_file.lambda_zip"
          ]
        }
      ]
    },
    {
      "mode": "managed",
      "type": "aws_lambda_layer_version",
      "name": "libs",
      "provider": "provider[\"registry.terraform.io/hashicorp/aws\"]",
      "instances": [
        {
          "schema_version": 0,
          "attributes": {
            "arn": "arn:aws:lambda:us-west-2:533267187815:layer:blank-python-lib:22",
            "code_sha256": "fUmN2qyBe43RlHLWMy+UKl9aVc95eFyfiJPnwc03a9Y=",
            "compatible_architectures": [],
            "compatible_runtimes": [
              "python3.8"
            ],
            "created_date": "2024-08-01T13:26:27.194+0000",
            "description": "Dependencies for the blank-python sample app1",
            "filename": "layer/layer.zip",
            "id": "arn:aws:lambda:us-west-2:533267187815:layer:blank-python-lib:22",
            "layer_arn": "arn:aws:lambda:us-west-2:533267187815:layer:blank-python-lib",
            "layer_name": "blank-python-lib",
            "license_info": "",
            "s3_bucket": null,
            "s3_key": null,
            "s3_object_version": null,
            "signing_job_arn": "",
            "signing_profile_version_arn": "",
            "skip_destroy": false,
            "source_code_hash": "",
            "source_code_size": 20787175,
            "version": "22"
          },
          "sensitive_attributes": [],
          "private": "bnVsbA=="
        }
      ]
    },
    {
      "mode": "managed",
      "type": "aws_lambda_permission",
      "name": "allow_lex",
      "provider": "provider[\"registry.terraform.io/hashicorp/aws\"]",
      "instances": [
        {
          "schema_version": 0,
          "attributes": {
            "action": "lambda:InvokeFunction",
            "event_source_token": null,
            "function_name": "BedRockLexLambda",
            "function_url_auth_type": null,
            "id": "AllowExecutionFromLex",
            "principal": "lexv2.amazonaws.com",
            "principal_org_id": null,
            "qualifier": "",
            "source_account": null,
            "source_arn": null,
            "statement_id": "AllowExecutionFromLex",
            "statement_id_prefix": ""
          },
          "sensitive_attributes": [],
          "private": "bnVsbA==",
          "dependencies": [
            "aws_iam_role.bedrock_lambda_execution_role",
            "aws_iam_role.kendra_index_role",
            "aws_kendra_index.kendra_index",
            "aws_lambda_function.bedrock_lex_lambda",
            "aws_lambda_layer_version.libs",
            "data.archive_file.lambda_zip"
          ]
        }
      ]
    },
    {
      "mode": "managed",
      "type": "aws_lexv2models_bot",
      "name": "chatbot",
      "provider": "provider[\"registry.terraform.io/hashicorp/aws\"]",
      "instances": [
        {
          "schema_version": 0,
          "attributes": {
            "arn": "arn:aws:lex:us-west-2:533267187815:bot/DRGGBI7XLA",
            "data_privacy": [
              {
                "child_directed": false
              }
            ],
            "description": null,
            "id": "DRGGBI7XLA",
            "idle_session_ttl_in_seconds": 300,
            "members": [],
            "name": "LLMChatbot",
            "role_arn": "arn:aws:iam::533267187815:role/LexBotRuntimeRole",
            "tags": null,
            "tags_all": {},
            "test_bot_alias_tags": null,
            "timeouts": null,
            "type": "Bot"
          },
          "sensitive_attributes": [],
          "dependencies": [
            "aws_iam_role.bot_runtime_role"
          ]
        }
      ]
    },
    {
      "mode": "managed",
      "type": "aws_lexv2models_bot_locale",
      "name": "chatbot_locale",
      "provider": "provider[\"registry.terraform.io/hashicorp/aws\"]",
      "instances": [
        {
          "schema_version": 0,
          "attributes": {
            "bot_id": "DRGGBI7XLA",
            "bot_version": "DRAFT",
            "description": "LLM Bedrock Bot",
            "id": "en_US,DRGGBI7XLA,DRAFT",
            "locale_id": "en_US",
            "n_lu_intent_confidence_threshold": 0.7,
            "name": "English (US)",
            "timeouts": null,
            "voice_settings": [
              {
                "engine": "standard",
                "voice_id": "Ivy"
              }
            ]
          },
          "sensitive_attributes": [],
          "dependencies": [
            "aws_iam_role.bot_runtime_role",
            "aws_lexv2models_bot.chatbot"
          ]
        }
      ]
    },
    {
      "mode": "managed",
      "type": "aws_lexv2models_bot_version",
      "name": "chatbot",
      "provider": "provider[\"registry.terraform.io/hashicorp/aws\"]",
      "instances": [
        {
          "schema_version": 0,
          "attributes": {
            "bot_id": "DRGGBI7XLA",
            "bot_version": "3",
            "description": null,
            "id": "DRGGBI7XLA,3",
            "locale_specification": {
              "en_US": {
                "source_bot_version": "DRAFT"
              }
            },
            "timeouts": null
          },
          "sensitive_attributes": [],
          "dependencies": [
            "aws_iam_role.bot_runtime_role",
            "aws_lexv2models_bot.chatbot",
            "aws_lexv2models_bot_locale.chatbot_locale",
            "aws_lexv2models_intent.chatbot",
            "null_resource.my_bot_build"
          ]
        }
      ]
    },
    {
      "mode": "managed",
      "type": "aws_lexv2models_bot_version",
      "name": "chatbot_version",
      "provider": "provider[\"registry.terraform.io/hashicorp/aws\"]",
      "instances": [
        {
          "schema_version": 0,
          "attributes": {
            "bot_id": "DRGGBI7XLA",
            "bot_version": "4",
            "description": null,
            "id": "DRGGBI7XLA,4",
            "locale_specification": {
              "en_US": {
                "source_bot_version": "DRAFT"
              }
            },
            "timeouts": null
          },
          "sensitive_attributes": [],
          "dependencies": [
            "aws_iam_role.bot_runtime_role",
            "aws_lexv2models_bot.chatbot"
          ]
        }
      ]
    },
    {
      "mode": "managed",
      "type": "aws_lexv2models_intent",
      "name": "chatbot",
      "provider": "provider[\"registry.terraform.io/hashicorp/aws\"]",
      "instances": [
        {
          "schema_version": 0,
          "attributes": {
            "bot_id": "DRGGBI7XLA",
            "bot_version": "DRAFT",
            "closing_setting": [],
            "confirmation_setting": [],
            "creation_date_time": "2024-08-01T10:20:24Z",
            "description": null,
            "dialog_code_hook": [
              {
                "enabled": true
              }
            ],
            "fulfillment_code_hook": [],
            "id": "EYUIODIQAF:DRGGBI7XLA:DRAFT:en_US",
            "initial_response_setting": [],
            "input_context": [],
            "intent_id": "EYUIODIQAF",
            "kendra_configuration": [],
            "last_updated_date_time": "2024-08-01T11:11:19Z",
            "locale_id": "en_US",
            "name": "HelloIntent",
            "output_context": [],
            "parent_intent_signature": null,
            "sample_utterance": [
              {
                "utterance": "Hello"
              }
            ],
            "slot_priority": [],
            "timeouts": null
          },
          "sensitive_attributes": [],
          "dependencies": [
            "aws_iam_role.bot_runtime_role",
            "aws_lexv2models_bot.chatbot",
            "aws_lexv2models_bot_locale.chatbot_locale"
          ]
        }
      ]
    },
    {
      "mode": "managed",
      "type": "aws_s3_bucket",
      "name": "s3_bucket",
      "provider": "provider[\"registry.terraform.io/hashicorp/aws\"]",
      "instances": [
        {
          "schema_version": 0,
          "attributes": {
            "acceleration_status": "",
            "acl": null,
            "arn": "arn:aws:s3:::my-llm-pdf-bucket-12344",
            "bucket": "my-llm-pdf-bucket-12344",
            "bucket_domain_name": "my-llm-pdf-bucket-12344.s3.amazonaws.com",
            "bucket_prefix": "",
            "bucket_regional_domain_name": "my-llm-pdf-bucket-12344.s3.us-west-2.amazonaws.com",
            "cors_rule": [],
            "force_destroy": false,
            "grant": [
              {
                "id": "08aa3adb7c3bf57a599b5636c67c3766b8b1226a55b4f8d33b364f8d4a71e786",
                "permissions": [
                  "FULL_CONTROL"
                ],
                "type": "CanonicalUser",
                "uri": ""
              }
            ],
            "hosted_zone_id": "Z3BJ6K6RIION7M",
            "id": "my-llm-pdf-bucket-12344",
            "lifecycle_rule": [],
            "logging": [],
            "object_lock_configuration": [],
            "object_lock_enabled": false,
            "policy": "",
            "region": "us-west-2",
            "replication_configuration": [],
            "request_payer": "BucketOwner",
            "server_side_encryption_configuration": [
              {
                "rule": [
                  {
                    "apply_server_side_encryption_by_default": [
                      {
                        "kms_master_key_id": "",
                        "sse_algorithm": "AES256"
                      }
                    ],
                    "bucket_key_enabled": false
                  }
                ]
              }
            ],
            "tags": {},
            "tags_all": {},
            "timeouts": null,
            "versioning": [
              {
                "enabled": false,
                "mfa_delete": false
              }
            ],
            "website": [],
            "website_domain": null,
            "website_endpoint": null
          },
          "sensitive_attributes": [],
          "private": "eyJlMmJmYjczMC1lY2FhLTExZTYtOGY4OC0zNDM2M2JjN2M0YzAiOnsiY3JlYXRlIjoxMjAwMDAwMDAwMDAwLCJkZWxldGUiOjM2MDAwMDAwMDAwMDAsInJlYWQiOjEyMDAwMDAwMDAwMDAsInVwZGF0ZSI6MTIwMDAwMDAwMDAwMH19"
        }
      ]
    },
    {
      "mode": "managed",
      "type": "awscc_bedrock_guardrail",
      "name": "pii_masking_guardrail",
      "provider": "provider[\"registry.terraform.io/hashicorp/awscc\"]",
      "instances": [
        {
          "schema_version": 1,
          "attributes": {
            "blocked_input_messaging": "Blocked input",
            "blocked_outputs_messaging": "Blocked output",
            "content_policy_config": null,
            "created_at": "2024-08-01T13:26:10.503930060Z",
            "description": "Guardrail to mask sensitive and PII information in AWS Bedrock",
            "failure_recommendations": null,
            "guardrail_arn": "arn:aws:bedrock:us-west-2:533267187815:guardrail/m8r48k7abce7",
            "guardrail_id": "m8r48k7abce7",
            "id": "arn:aws:bedrock:us-west-2:533267187815:guardrail/m8r48k7abce7",
            "kms_key_arn": null,
            "name": "PII-Masking-Guardrail",
            "sensitive_information_policy_config": {
              "pii_entities_config": [
                {
                  "action": "BLOCK",
                  "type": "NAME"
                },
                {
                  "action": "BLOCK",
                  "type": "DRIVER_ID"
                },
                {
                  "action": "ANONYMIZE",
                  "type": "USERNAME"
                },
                {
                  "action": "ANONYMIZE",
                  "type": "EMAIL"
                },
                {
                  "action": "ANONYMIZE",
                  "type": "PHONE"
                },
                {
                  "action": "BLOCK",
                  "type": "US_SOCIAL_SECURITY_NUMBER"
                },
                {
                  "action": "ANONYMIZE",
                  "type": "CREDIT_DEBIT_CARD_NUMBER"
                },
                {
                  "action": "ANONYMIZE",
                  "type": "ADDRESS"
                },
                {
                  "action": "ANONYMIZE",
                  "type": "IP_ADDRESS"
                },
                {
                  "action": "ANONYMIZE",
                  "type": "AGE"
                },
                {
                  "action": "BLOCK",
                  "type": "AWS_ACCESS_KEY"
                },
                {
                  "action": "BLOCK",
                  "type": "AWS_SECRET_KEY"
                }
              ],
              "regexes_config": [
                {
                  "action": "BLOCK",
                  "description": "Block SSN-like patterns",
                  "name": "ssn_pattern",
                  "pattern": "^\\d{3}-\\d{2}-\\d{4}$"
                },
                {
                  "action": "ANONYMIZE",
                  "description": "Mask custom employee ID format",
                  "name": "employee_id_pattern",
                  "pattern": "EMP-\\d{6}"
                }
              ]
            },
            "status": "READY",
            "status_reasons": null,
            "tags": null,
            "topic_policy_config": null,
            "updated_at": "2024-08-01T13:50:57.626486839Z",
            "version": "DRAFT",
            "word_policy_config": null
          },
          "sensitive_attributes": []
        }
      ]
    },
    {
      "mode": "managed",
      "type": "null_resource",
      "name": "my_bot_alias",
      "provider": "provider[\"registry.terraform.io/hashicorp/null\"]",
      "instances": [
        {
          "schema_version": 0,
          "attributes": {
            "id": "2092368892042607273",
            "triggers": {
              "bot_id": "DRGGBI7XLA",
              "lambda_arn": "arn:aws:lambda:us-west-2:533267187815:function:BedRockLexLambda",
              "latest_version": "3",
              "locale_id": "en_US",
              "logs_arn": ""
            }
          },
          "sensitive_attributes": [],
          "dependencies": [
            "aws_iam_role.bedrock_lambda_execution_role",
            "aws_iam_role.bot_runtime_role",
            "aws_iam_role.kendra_index_role",
            "aws_kendra_index.kendra_index",
            "aws_lambda_function.bedrock_lex_lambda",
            "aws_lambda_layer_version.libs",
            "aws_lexv2models_bot.chatbot",
            "aws_lexv2models_bot_locale.chatbot_locale",
            "aws_lexv2models_bot_version.chatbot",
            "aws_lexv2models_intent.chatbot",
            "data.archive_file.lambda_zip",
            "null_resource.my_bot_build"
          ]
        }
      ]
    },
    {
      "mode": "managed",
      "type": "null_resource",
      "name": "my_bot_build",
      "provider": "provider[\"registry.terraform.io/hashicorp/null\"]",
      "instances": [
        {
          "schema_version": 0,
          "attributes": {
            "id": "4478727099857439023",
            "triggers": {
              "bot_id": "DRGGBI7XLA",
              "locale_id": "en_US"
            }
          },
          "sensitive_attributes": [],
          "dependencies": [
            "aws_iam_role.bot_runtime_role",
            "aws_lexv2models_bot.chatbot",
            "aws_lexv2models_bot_locale.chatbot_locale",
            "aws_lexv2models_intent.chatbot"
          ]
        }
      ]
    },
    {
      "mode": "managed",
      "type": "null_resource",
      "name": "wait_for_bot",
      "provider": "provider[\"registry.terraform.io/hashicorp/null\"]",
      "instances": [
        {
          "schema_version": 0,
          "attributes": {
            "id": "922208995647758156",
            "triggers": null
          },
          "sensitive_attributes": [],
          "dependencies": [
            "aws_iam_role.bot_runtime_role",
            "aws_lexv2models_bot.chatbot"
          ]
        }
      ]
    }
  ],
  "check_results": null
}
