{
  "version": 4,
  "terraform_version": "1.9.1",
  "serial": 174,
  "lineage": "3601dc85-496d-0c75-8fe1-c8193077db0a",
  "outputs": {
    "kendra_datasource_id": {
      "value": "43ef3f8c-a208-4648-98a3-d9d91a49d57c/3edb1f03-93aa-4ddc-9b9f-e659b1cb5df6",
      "type": "string"
    },
    "kendra_index_id": {
      "value": "3edb1f03-93aa-4ddc-9b9f-e659b1cb5df6",
      "type": "string"
    },
    "lambda_function_arn": {
      "value": "arn:aws:lambda:us-west-2:533267187815:function:demo-lambda",
      "type": "string"
    },
    "security_hub_event_rule_arn": {
      "value": "arn:aws:events:us-west-2:533267187815:rule/terraform-20240713053447436600000001",
      "type": "string"
    }
  },
  "resources": [
    {
      "mode": "data",
      "type": "archive_file",
      "name": "lambda_zip",
      "provider": "provider[\"registry.terraform.io/hashicorp/archive\"]",
      "instances": [
        {
          "schema_version": 0,
          "attributes": {
            "exclude_symlink_directories": null,
            "excludes": null,
            "id": "c02c024a41dad4705ce8a4341423875a2d31c7c4",
            "output_base64sha256": "WiJAKYXqmvyB8/fKtqJBh/2rowwI/DKwdcgstYKBnhc=",
            "output_base64sha512": "zgO2abqH4SDvNqO6a2IDNDCaq4XfmEr4XP0DQ1QOReKZoxxNPcJT6/L74JKK1lQfcx+geAWu0SuMpqSjX9Y8cw==",
            "output_file_mode": null,
            "output_md5": "d9c9b385f5beda2df7ed432f05bd8faf",
            "output_path": "./function/lambda_function.zip",
            "output_sha": "c02c024a41dad4705ce8a4341423875a2d31c7c4",
            "output_sha256": "5a22402985ea9afc81f3f7cab6a24187fdaba30c08fc32b075c82cb582819e17",
            "output_sha512": "ce03b669ba87e120ef36a3ba6b620334309aab85df984af85cfd0343540e45e299a31c4d3dc253ebf2fbe0928ad6541f731fa07805aed12b8ca6a4a35fd63c73",
            "output_size": 3650,
            "source": [],
            "source_content": null,
            "source_content_filename": null,
            "source_dir": "./function",
            "source_file": null,
            "type": "zip"
          },
          "sensitive_attributes": []
        }
      ]
    },
    {
      "mode": "data",
      "type": "archive_file",
      "name": "layer_zip",
      "provider": "provider[\"registry.terraform.io/hashicorp/archive\"]",
      "instances": [
        {
          "schema_version": 0,
          "attributes": {
            "exclude_symlink_directories": null,
            "excludes": null,
            "id": "7d1fca64a5d0a4200221c5934cb3c1553f8eaa53",
            "output_base64sha256": "vQeyEDN1rXoFiYhSMm24CzpvIy4rQ1WzbSwS/dtFFyY=",
            "output_base64sha512": "NNh0REwcc+SHkwYgWlCtMnWW9DdFJjtce0cQ86ugIO3QuipVVvfCS76LpnHP12hG9sszyo0QE84I1BlMMv+gEw==",
            "output_file_mode": null,
            "output_md5": "73902b8c7ce0f8b2647b700c163ae4e3",
            "output_path": "./layer/layer.zip",
            "output_sha": "7d1fca64a5d0a4200221c5934cb3c1553f8eaa53",
            "output_sha256": "bd07b2103375ad7a05898852326db80b3a6f232e2b4355b36d2c12fddb451726",
            "output_sha512": "34d874444c1c73e4879306205a50ad327596f43745263b5c7b4710f3aba020edd0ba2a5556f7c24bbe8ba671cfd76846f6cb33ca8d1013ce08d4194c32ffa013",
            "output_size": 20747510,
            "source": [],
            "source_content": null,
            "source_content_filename": null,
            "source_dir": "./layer/python/",
            "source_file": null,
            "type": "zip"
          },
          "sensitive_attributes": []
        }
      ]
    },
    {
      "mode": "managed",
      "type": "aws_cloudwatch_event_rule",
      "name": "security_hub_event_rule",
      "provider": "provider[\"registry.terraform.io/hashicorp/aws\"]",
      "instances": [
        {
          "schema_version": 1,
          "attributes": {
            "arn": "arn:aws:events:us-west-2:533267187815:rule/terraform-20240713053447436600000001",
            "description": "EventBridge rule for Security Hub findings",
            "event_bus_name": "default",
            "event_pattern": "{\"detail-type\":[\"Security Hub Findings - Imported\"],\"source\":[\"aws.securityhub\"]}",
            "force_destroy": false,
            "id": "terraform-20240713053447436600000001",
            "is_enabled": true,
            "name": "terraform-20240713053447436600000001",
            "name_prefix": "terraform-",
            "role_arn": "",
            "schedule_expression": "",
            "state": "ENABLED",
            "tags": {},
            "tags_all": {}
          },
          "sensitive_attributes": [],
          "private": "eyJzY2hlbWFfdmVyc2lvbiI6IjEifQ=="
        }
      ]
    },
    {
      "mode": "managed",
      "type": "aws_iam_role",
      "name": "kendra_role",
      "provider": "provider[\"registry.terraform.io/hashicorp/aws\"]",
      "instances": [
        {
          "schema_version": 0,
          "attributes": {
            "arn": "arn:aws:iam::533267187815:role/kendra_role",
            "assume_role_policy": "{\"Statement\":[{\"Action\":\"sts:AssumeRole\",\"Effect\":\"Allow\",\"Principal\":{\"Service\":\"kendra.amazonaws.com\"}}],\"Version\":\"2012-10-17\"}",
            "create_date": "2024-07-13T05:34:48Z",
            "description": "",
            "force_detach_policies": false,
            "id": "kendra_role",
            "inline_policy": [
              {
                "name": "kendra_policy",
                "policy": "{\"Version\":\"2012-10-17\",\"Statement\":[{\"Action\":[\"s3:GetObject\",\"s3:ListBucket\"],\"Effect\":\"Allow\",\"Resource\":[\"arn:aws:s3:::security-demo-bucket-saurabh\",\"arn:aws:s3:::security-demo-bucket-saurabh/*\"]},{\"Action\":[\"kendra:*\"],\"Effect\":\"Allow\",\"Resource\":\"*\"}]}"
              }
            ],
            "managed_policy_arns": [],
            "max_session_duration": 3600,
            "name": "kendra_role",
            "name_prefix": "",
            "path": "/",
            "permissions_boundary": "",
            "tags": {},
            "tags_all": {},
            "unique_id": "AROAXYKJTRBTYXBBIHJXH"
          },
          "sensitive_attributes": [],
          "private": "bnVsbA=="
        }
      ]
    },
    {
      "mode": "managed",
      "type": "aws_iam_role",
      "name": "lambda_execution_role",
      "provider": "provider[\"registry.terraform.io/hashicorp/aws\"]",
      "instances": [
        {
          "schema_version": 0,
          "attributes": {
            "arn": "arn:aws:iam::533267187815:role/lambda_execution_role",
            "assume_role_policy": "{\"Statement\":[{\"Action\":\"sts:AssumeRole\",\"Effect\":\"Allow\",\"Principal\":{\"Service\":\"lambda.amazonaws.com\"}}],\"Version\":\"2012-10-17\"}",
            "create_date": "2024-07-13T05:47:06Z",
            "description": "",
            "force_detach_policies": false,
            "id": "lambda_execution_role",
            "inline_policy": [
              {
                "name": "BedrockAccess",
                "policy": "{\"Version\":\"2012-10-17\",\"Statement\":[{\"Action\":[\"bedrock:*\"],\"Effect\":\"Allow\",\"Resource\":\"*\"}]}"
              },
              {
                "name": "KendraAccess",
                "policy": "{\"Version\":\"2012-10-17\",\"Statement\":[{\"Action\":[\"kendra:*\"],\"Effect\":\"Allow\",\"Resource\":\"*\"}]}"
              },
              {
                "name": "S3Access",
                "policy": "{\"Version\":\"2012-10-17\",\"Statement\":[{\"Action\":[\"s3:PutObject\",\"s3:GetObject\",\"s3:ListBucket\"],\"Effect\":\"Allow\",\"Resource\":[\"arn:aws:s3:::*\",\"arn:aws:s3:::*/*\"]}]}"
              },
              {
                "name": "SecurityHubAccess",
                "policy": "{\"Version\":\"2012-10-17\",\"Statement\":[{\"Action\":[\"securityhub:GetFindings\",\"securityhub:BatchGetFindings\",\"securityhub:DescribeHub\"],\"Effect\":\"Allow\",\"Resource\":\"*\"}]}"
              }
            ],
            "managed_policy_arns": [
              "arn:aws:iam::aws:policy/service-role/AWSLambdaBasicExecutionRole"
            ],
            "max_session_duration": 3600,
            "name": "lambda_execution_role",
            "name_prefix": "",
            "path": "/",
            "permissions_boundary": "",
            "tags": {},
            "tags_all": {},
            "unique_id": "AROAXYKJTRBT22LAUPF36"
          },
          "sensitive_attributes": [],
          "private": "bnVsbA=="
        }
      ]
    },
    {
      "mode": "managed",
      "type": "aws_iam_role_policy",
      "name": "bedrock_access_policy",
      "provider": "provider[\"registry.terraform.io/hashicorp/aws\"]",
      "instances": [
        {
          "schema_version": 0,
          "attributes": {
            "id": "lambda_execution_role:BedrockAccess",
            "name": "BedrockAccess",
            "name_prefix": "",
            "policy": "{\"Version\":\"2012-10-17\",\"Statement\":[{\"Action\":[\"bedrock:*\"],\"Effect\":\"Allow\",\"Resource\":\"*\"}]}",
            "role": "lambda_execution_role"
          },
          "sensitive_attributes": [],
          "private": "bnVsbA==",
          "dependencies": [
            "aws_iam_role.lambda_execution_role"
          ]
        }
      ]
    },
    {
      "mode": "managed",
      "type": "aws_iam_role_policy",
      "name": "kendra_access_policy",
      "provider": "provider[\"registry.terraform.io/hashicorp/aws\"]",
      "instances": [
        {
          "schema_version": 0,
          "attributes": {
            "id": "lambda_execution_role:KendraAccess",
            "name": "KendraAccess",
            "name_prefix": "",
            "policy": "{\"Version\":\"2012-10-17\",\"Statement\":[{\"Action\":[\"kendra:*\"],\"Effect\":\"Allow\",\"Resource\":\"*\"}]}",
            "role": "lambda_execution_role"
          },
          "sensitive_attributes": [],
          "private": "bnVsbA==",
          "dependencies": [
            "aws_iam_role.lambda_execution_role"
          ]
        }
      ]
    },
    {
      "mode": "managed",
      "type": "aws_iam_role_policy",
      "name": "kendra_policy",
      "provider": "provider[\"registry.terraform.io/hashicorp/aws\"]",
      "instances": [
        {
          "schema_version": 0,
          "attributes": {
            "id": "kendra_role:kendra_policy",
            "name": "kendra_policy",
            "name_prefix": "",
            "policy": "{\"Version\":\"2012-10-17\",\"Statement\":[{\"Action\":[\"s3:GetObject\",\"s3:ListBucket\"],\"Effect\":\"Allow\",\"Resource\":[\"arn:aws:s3:::security-demo-bucket-saurabh\",\"arn:aws:s3:::security-demo-bucket-saurabh/*\"]},{\"Action\":[\"kendra:*\"],\"Effect\":\"Allow\",\"Resource\":\"*\"}]}",
            "role": "kendra_role"
          },
          "sensitive_attributes": [],
          "private": "bnVsbA==",
          "dependencies": [
            "aws_iam_role.kendra_role",
            "aws_s3_bucket.kendra_datasource"
          ]
        }
      ]
    },
    {
      "mode": "managed",
      "type": "aws_iam_role_policy",
      "name": "s3_access_policy",
      "provider": "provider[\"registry.terraform.io/hashicorp/aws\"]",
      "instances": [
        {
          "schema_version": 0,
          "attributes": {
            "id": "lambda_execution_role:S3Access",
            "name": "S3Access",
            "name_prefix": "",
            "policy": "{\"Version\":\"2012-10-17\",\"Statement\":[{\"Action\":[\"s3:PutObject\",\"s3:GetObject\",\"s3:ListBucket\"],\"Effect\":\"Allow\",\"Resource\":[\"arn:aws:s3:::*\",\"arn:aws:s3:::*/*\"]}]}",
            "role": "lambda_execution_role"
          },
          "sensitive_attributes": [],
          "private": "bnVsbA==",
          "dependencies": [
            "aws_iam_role.lambda_execution_role"
          ]
        }
      ]
    },
    {
      "mode": "managed",
      "type": "aws_iam_role_policy",
      "name": "securityhub_access_policy",
      "provider": "provider[\"registry.terraform.io/hashicorp/aws\"]",
      "instances": [
        {
          "schema_version": 0,
          "attributes": {
            "id": "lambda_execution_role:SecurityHubAccess",
            "name": "SecurityHubAccess",
            "name_prefix": "",
            "policy": "{\"Version\":\"2012-10-17\",\"Statement\":[{\"Action\":[\"securityhub:GetFindings\",\"securityhub:BatchGetFindings\",\"securityhub:DescribeHub\"],\"Effect\":\"Allow\",\"Resource\":\"*\"}]}",
            "role": "lambda_execution_role"
          },
          "sensitive_attributes": [],
          "private": "bnVsbA==",
          "dependencies": [
            "aws_iam_role.lambda_execution_role"
          ]
        }
      ]
    },
    {
      "mode": "managed",
      "type": "aws_iam_role_policy_attachment",
      "name": "lambda_basic_execution",
      "provider": "provider[\"registry.terraform.io/hashicorp/aws\"]",
      "instances": [
        {
          "schema_version": 0,
          "attributes": {
            "id": "lambda_execution_role-20240713075147047800000001",
            "policy_arn": "arn:aws:iam::aws:policy/service-role/AWSLambdaBasicExecutionRole",
            "role": "lambda_execution_role"
          },
          "sensitive_attributes": [],
          "private": "bnVsbA==",
          "dependencies": [
            "aws_iam_role.lambda_execution_role"
          ]
        }
      ]
    },
    {
      "mode": "managed",
      "type": "aws_kendra_data_source",
      "name": "example",
      "provider": "provider[\"registry.terraform.io/hashicorp/aws\"]",
      "instances": [
        {
          "schema_version": 0,
          "attributes": {
            "arn": "arn:aws:kendra:us-west-2:533267187815:index/3edb1f03-93aa-4ddc-9b9f-e659b1cb5df6/data-source/43ef3f8c-a208-4648-98a3-d9d91a49d57c",
            "configuration": [
              {
                "s3_configuration": [
                  {
                    "access_control_list_configuration": [],
                    "bucket_name": "security-demo-bucket-saurabh",
                    "documents_metadata_configuration": [],
                    "exclusion_patterns": [],
                    "inclusion_patterns": [],
                    "inclusion_prefixes": []
                  }
                ],
                "web_crawler_configuration": []
              }
            ],
            "created_at": "2024-07-13T05:36:46Z",
            "custom_document_enrichment_configuration": [],
            "data_source_id": "43ef3f8c-a208-4648-98a3-d9d91a49d57c",
            "description": "",
            "error_message": "",
            "id": "43ef3f8c-a208-4648-98a3-d9d91a49d57c/3edb1f03-93aa-4ddc-9b9f-e659b1cb5df6",
            "index_id": "3edb1f03-93aa-4ddc-9b9f-e659b1cb5df6",
            "language_code": "en",
            "name": "example-s3-data-source",
            "role_arn": "arn:aws:iam::533267187815:role/kendra_role",
            "schedule": "",
            "status": "ACTIVE",
            "tags": {},
            "tags_all": {},
            "timeouts": null,
            "type": "S3",
            "updated_at": "2024-07-13T05:36:46Z"
          },
          "sensitive_attributes": [],
          "private": "eyJlMmJmYjczMC1lY2FhLTExZTYtOGY4OC0zNDM2M2JjN2M0YzAiOnsiY3JlYXRlIjoxODAwMDAwMDAwMDAwLCJkZWxldGUiOjE4MDAwMDAwMDAwMDAsInVwZGF0ZSI6MTgwMDAwMDAwMDAwMH19",
          "dependencies": [
            "aws_iam_role.kendra_role",
            "aws_kendra_index.example",
            "aws_s3_bucket.kendra_datasource"
          ]
        }
      ]
    },
    {
      "mode": "managed",
      "type": "aws_kendra_index",
      "name": "example",
      "provider": "provider[\"registry.terraform.io/hashicorp/aws\"]",
      "instances": [
        {
          "schema_version": 0,
          "attributes": {
            "arn": "arn:aws:kendra:us-west-2:533267187815:index/3edb1f03-93aa-4ddc-9b9f-e659b1cb5df6",
            "capacity_units": [
              {
                "query_capacity_units": 0,
                "storage_capacity_units": 0
              }
            ],
            "created_at": "2024-07-13T05:34:58Z",
            "description": "Example Kendra index",
            "document_metadata_configuration_updates": [
              {
                "name": "_authors",
                "relevance": [
                  {
                    "duration": "",
                    "freshness": false,
                    "importance": 1,
                    "rank_order": "",
                    "values_importance_map": {}
                  }
                ],
                "search": [
                  {
                    "displayable": false,
                    "facetable": false,
                    "searchable": false,
                    "sortable": false
                  }
                ],
                "type": "STRING_LIST_VALUE"
              },
              {
                "name": "_category",
                "relevance": [
                  {
                    "duration": "",
                    "freshness": false,
                    "importance": 1,
                    "rank_order": "",
                    "values_importance_map": {}
                  }
                ],
                "search": [
                  {
                    "displayable": false,
                    "facetable": false,
                    "searchable": false,
                    "sortable": true
                  }
                ],
                "type": "STRING_VALUE"
              },
              {
                "name": "_created_at",
                "relevance": [
                  {
                    "duration": "25920000s",
                    "freshness": false,
                    "importance": 1,
                    "rank_order": "ASCENDING",
                    "values_importance_map": {}
                  }
                ],
                "search": [
                  {
                    "displayable": false,
                    "facetable": false,
                    "searchable": false,
                    "sortable": true
                  }
                ],
                "type": "DATE_VALUE"
              },
              {
                "name": "_data_source_id",
                "relevance": [
                  {
                    "duration": "",
                    "freshness": false,
                    "importance": 1,
                    "rank_order": "",
                    "values_importance_map": {}
                  }
                ],
                "search": [
                  {
                    "displayable": false,
                    "facetable": false,
                    "searchable": false,
                    "sortable": true
                  }
                ],
                "type": "STRING_VALUE"
              },
              {
                "name": "_document_title",
                "relevance": [
                  {
                    "duration": "",
                    "freshness": false,
                    "importance": 2,
                    "rank_order": "",
                    "values_importance_map": {}
                  }
                ],
                "search": [
                  {
                    "displayable": true,
                    "facetable": false,
                    "searchable": true,
                    "sortable": true
                  }
                ],
                "type": "STRING_VALUE"
              },
              {
                "name": "_excerpt_page_number",
                "relevance": [
                  {
                    "duration": "",
                    "freshness": false,
                    "importance": 1,
                    "rank_order": "ASCENDING",
                    "values_importance_map": {}
                  }
                ],
                "search": [
                  {
                    "displayable": false,
                    "facetable": false,
                    "searchable": false,
                    "sortable": false
                  }
                ],
                "type": "LONG_VALUE"
              },
              {
                "name": "_faq_id",
                "relevance": [
                  {
                    "duration": "",
                    "freshness": false,
                    "importance": 1,
                    "rank_order": "",
                    "values_importance_map": {}
                  }
                ],
                "search": [
                  {
                    "displayable": false,
                    "facetable": false,
                    "searchable": false,
                    "sortable": true
                  }
                ],
                "type": "STRING_VALUE"
              },
              {
                "name": "_file_type",
                "relevance": [
                  {
                    "duration": "",
                    "freshness": false,
                    "importance": 1,
                    "rank_order": "",
                    "values_importance_map": {}
                  }
                ],
                "search": [
                  {
                    "displayable": false,
                    "facetable": false,
                    "searchable": false,
                    "sortable": true
                  }
                ],
                "type": "STRING_VALUE"
              },
              {
                "name": "_language_code",
                "relevance": [
                  {
                    "duration": "",
                    "freshness": false,
                    "importance": 1,
                    "rank_order": "",
                    "values_importance_map": {}
                  }
                ],
                "search": [
                  {
                    "displayable": false,
                    "facetable": false,
                    "searchable": false,
                    "sortable": true
                  }
                ],
                "type": "STRING_VALUE"
              },
              {
                "name": "_last_updated_at",
                "relevance": [
                  {
                    "duration": "25920000s",
                    "freshness": false,
                    "importance": 1,
                    "rank_order": "ASCENDING",
                    "values_importance_map": {}
                  }
                ],
                "search": [
                  {
                    "displayable": false,
                    "facetable": false,
                    "searchable": false,
                    "sortable": true
                  }
                ],
                "type": "DATE_VALUE"
              },
              {
                "name": "_source_uri",
                "relevance": [
                  {
                    "duration": "",
                    "freshness": false,
                    "importance": 1,
                    "rank_order": "",
                    "values_importance_map": {}
                  }
                ],
                "search": [
                  {
                    "displayable": true,
                    "facetable": false,
                    "searchable": false,
                    "sortable": false
                  }
                ],
                "type": "STRING_VALUE"
              },
              {
                "name": "_tenant_id",
                "relevance": [
                  {
                    "duration": "",
                    "freshness": false,
                    "importance": 1,
                    "rank_order": "",
                    "values_importance_map": {}
                  }
                ],
                "search": [
                  {
                    "displayable": false,
                    "facetable": false,
                    "searchable": false,
                    "sortable": true
                  }
                ],
                "type": "STRING_VALUE"
              },
              {
                "name": "_version",
                "relevance": [
                  {
                    "duration": "",
                    "freshness": false,
                    "importance": 1,
                    "rank_order": "",
                    "values_importance_map": {}
                  }
                ],
                "search": [
                  {
                    "displayable": false,
                    "facetable": false,
                    "searchable": false,
                    "sortable": true
                  }
                ],
                "type": "STRING_VALUE"
              },
              {
                "name": "_view_count",
                "relevance": [
                  {
                    "duration": "",
                    "freshness": false,
                    "importance": 1,
                    "rank_order": "ASCENDING",
                    "values_importance_map": {}
                  }
                ],
                "search": [
                  {
                    "displayable": false,
                    "facetable": false,
                    "searchable": false,
                    "sortable": true
                  }
                ],
                "type": "LONG_VALUE"
              }
            ],
            "edition": "DEVELOPER_EDITION",
            "error_message": "",
            "id": "3edb1f03-93aa-4ddc-9b9f-e659b1cb5df6",
            "index_statistics": [
              {
                "faq_statistics": [
                  {
                    "indexed_question_answers_count": 0
                  }
                ],
                "text_document_statistics": [
                  {
                    "indexed_text_bytes": 0,
                    "indexed_text_documents_count": 0
                  }
                ]
              }
            ],
            "name": "example-index",
            "role_arn": "arn:aws:iam::533267187815:role/kendra_role",
            "server_side_encryption_configuration": [],
            "status": "ACTIVE",
            "tags": {},
            "tags_all": {},
            "timeouts": null,
            "updated_at": "2024-07-13T05:34:58Z",
            "user_context_policy": "ATTRIBUTE_FILTER",
            "user_group_resolution_configuration": [],
            "user_token_configurations": []
          },
          "sensitive_attributes": [],
          "private": "eyJlMmJmYjczMC1lY2FhLTExZTYtOGY4OC0zNDM2M2JjN2M0YzAiOnsiY3JlYXRlIjozNjAwMDAwMDAwMDAwLCJkZWxldGUiOjM2MDAwMDAwMDAwMDAsInVwZGF0ZSI6MzYwMDAwMDAwMDAwMH19",
          "dependencies": [
            "aws_iam_role.kendra_role"
          ]
        }
      ]
    },
    {
      "mode": "managed",
      "type": "aws_lambda_function",
      "name": "function",
      "provider": "provider[\"registry.terraform.io/hashicorp/aws\"]",
      "instances": [
        {
          "schema_version": 0,
          "attributes": {
            "architectures": [
              "x86_64"
            ],
            "arn": "arn:aws:lambda:us-west-2:533267187815:function:demo-lambda",
            "code_sha256": "WiJAKYXqmvyB8/fKtqJBh/2rowwI/DKwdcgstYKBnhc=",
            "code_signing_config_arn": "",
            "dead_letter_config": [],
            "description": "Demo lambda",
            "environment": [],
            "ephemeral_storage": [
              {
                "size": 512
              }
            ],
            "file_system_config": [],
            "filename": "./function/lambda_function.zip",
            "function_name": "demo-lambda",
            "handler": "lambda_function.lambda_handler",
            "id": "demo-lambda",
            "image_config": [],
            "image_uri": "",
            "invoke_arn": "arn:aws:apigateway:us-west-2:lambda:path/2015-03-31/functions/arn:aws:lambda:us-west-2:533267187815:function:demo-lambda/invocations",
            "kms_key_arn": "",
            "last_modified": "2024-07-13T08:42:54.000+0000",
            "layers": [
              "arn:aws:lambda:us-west-2:533267187815:layer:blank-python-lib:11"
            ],
            "logging_config": [
              {
                "application_log_level": "",
                "log_format": "Text",
                "log_group": "/aws/lambda/demo-lambda",
                "system_log_level": ""
              }
            ],
            "memory_size": 256,
            "package_type": "Zip",
            "publish": false,
            "qualified_arn": "arn:aws:lambda:us-west-2:533267187815:function:demo-lambda:$LATEST",
            "qualified_invoke_arn": "arn:aws:apigateway:us-west-2:lambda:path/2015-03-31/functions/arn:aws:lambda:us-west-2:533267187815:function:demo-lambda:$LATEST/invocations",
            "replace_security_groups_on_destroy": null,
            "replacement_security_group_ids": null,
            "reserved_concurrent_executions": -1,
            "role": "arn:aws:iam::533267187815:role/lambda_execution_role",
            "runtime": "python3.8",
            "s3_bucket": null,
            "s3_key": null,
            "s3_object_version": null,
            "signing_job_arn": "",
            "signing_profile_version_arn": "",
            "skip_destroy": false,
            "snap_start": [],
            "source_code_hash": "WiJAKYXqmvyB8/fKtqJBh/2rowwI/DKwdcgstYKBnhc=",
            "source_code_size": 3650,
            "tags": {},
            "tags_all": {},
            "timeout": 900,
            "timeouts": null,
            "tracing_config": [
              {
                "mode": "Active"
              }
            ],
            "version": "$LATEST",
            "vpc_config": []
          },
          "sensitive_attributes": [],
          "private": "eyJlMmJmYjczMC1lY2FhLTExZTYtOGY4OC0zNDM2M2JjN2M0YzAiOnsiY3JlYXRlIjo2MDAwMDAwMDAwMDAsImRlbGV0ZSI6NjAwMDAwMDAwMDAwLCJ1cGRhdGUiOjYwMDAwMDAwMDAwMH19",
          "dependencies": [
            "aws_iam_role.lambda_execution_role",
            "aws_lambda_layer_version.libs",
            "data.archive_file.lambda_zip"
          ]
        }
      ]
    },
    {
      "mode": "managed",
      "type": "aws_lambda_layer_version",
      "name": "libs",
      "provider": "provider[\"registry.terraform.io/hashicorp/aws\"]",
      "instances": [
        {
          "schema_version": 0,
          "attributes": {
            "arn": "arn:aws:lambda:us-west-2:533267187815:layer:blank-python-lib:11",
            "code_sha256": "fUmN2qyBe43RlHLWMy+UKl9aVc95eFyfiJPnwc03a9Y=",
            "compatible_architectures": [],
            "compatible_runtimes": [
              "python3.8"
            ],
            "created_date": "2024-07-13T08:19:12.937+0000",
            "description": "Dependencies for the blank-python sample app.",
            "filename": "layer/layer.zip",
            "id": "arn:aws:lambda:us-west-2:533267187815:layer:blank-python-lib:11",
            "layer_arn": "arn:aws:lambda:us-west-2:533267187815:layer:blank-python-lib",
            "layer_name": "blank-python-lib",
            "license_info": "",
            "s3_bucket": null,
            "s3_key": null,
            "s3_object_version": null,
            "signing_job_arn": "",
            "signing_profile_version_arn": "",
            "skip_destroy": false,
            "source_code_hash": "",
            "source_code_size": 20787175,
            "version": "11"
          },
          "sensitive_attributes": [],
          "private": "bnVsbA=="
        }
      ]
    },
    {
      "mode": "managed",
      "type": "aws_lambda_permission",
      "name": "allow_eventbridge",
      "provider": "provider[\"registry.terraform.io/hashicorp/aws\"]",
      "instances": [
        {
          "schema_version": 0,
          "attributes": {
            "action": "lambda:InvokeFunction",
            "event_source_token": null,
            "function_name": "demo-lambda",
            "function_url_auth_type": null,
            "id": "AllowExecutionFromEventBridge",
            "principal": "events.amazonaws.com",
            "principal_org_id": null,
            "qualifier": "",
            "source_account": null,
            "source_arn": "arn:aws:events:us-west-2:533267187815:rule/terraform-20240713053447436600000001",
            "statement_id": "AllowExecutionFromEventBridge",
            "statement_id_prefix": ""
          },
          "sensitive_attributes": [],
          "private": "bnVsbA==",
          "dependencies": [
            "aws_cloudwatch_event_rule.security_hub_event_rule",
            "aws_iam_role.lambda_execution_role",
            "aws_lambda_function.function",
            "aws_lambda_layer_version.libs",
            "data.archive_file.lambda_zip"
          ]
        }
      ]
    },
    {
      "mode": "managed",
      "type": "aws_s3_bucket",
      "name": "kendra_datasource",
      "provider": "provider[\"registry.terraform.io/hashicorp/aws\"]",
      "instances": [
        {
          "schema_version": 0,
          "attributes": {
            "acceleration_status": "",
            "acl": null,
            "arn": "arn:aws:s3:::security-demo-bucket-saurabh",
            "bucket": "security-demo-bucket-saurabh",
            "bucket_domain_name": "security-demo-bucket-saurabh.s3.amazonaws.com",
            "bucket_prefix": "",
            "bucket_regional_domain_name": "security-demo-bucket-saurabh.s3.us-west-2.amazonaws.com",
            "cors_rule": [],
            "force_destroy": false,
            "grant": [
              {
                "id": "08aa3adb7c3bf57a599b5636c67c3766b8b1226a55b4f8d33b364f8d4a71e786",
                "permissions": [
                  "FULL_CONTROL"
                ],
                "type": "CanonicalUser",
                "uri": ""
              }
            ],
            "hosted_zone_id": "Z3BJ6K6RIION7M",
            "id": "security-demo-bucket-saurabh",
            "lifecycle_rule": [],
            "logging": [],
            "object_lock_configuration": [],
            "object_lock_enabled": false,
            "policy": "",
            "region": "us-west-2",
            "replication_configuration": [],
            "request_payer": "BucketOwner",
            "server_side_encryption_configuration": [
              {
                "rule": [
                  {
                    "apply_server_side_encryption_by_default": [
                      {
                        "kms_master_key_id": "",
                        "sse_algorithm": "AES256"
                      }
                    ],
                    "bucket_key_enabled": false
                  }
                ]
              }
            ],
            "tags": {},
            "tags_all": {},
            "timeouts": null,
            "versioning": [
              {
                "enabled": false,
                "mfa_delete": false
              }
            ],
            "website": [],
            "website_domain": null,
            "website_endpoint": null
          },
          "sensitive_attributes": [],
          "private": "eyJlMmJmYjczMC1lY2FhLTExZTYtOGY4OC0zNDM2M2JjN2M0YzAiOnsiY3JlYXRlIjoxMjAwMDAwMDAwMDAwLCJkZWxldGUiOjM2MDAwMDAwMDAwMDAsInJlYWQiOjEyMDAwMDAwMDAwMDAsInVwZGF0ZSI6MTIwMDAwMDAwMDAwMH19"
        }
      ]
    },
    {
      "mode": "managed",
      "type": "aws_s3_object",
      "name": "security_controls_pdf",
      "provider": "provider[\"registry.terraform.io/hashicorp/aws\"]",
      "instances": [
        {
          "schema_version": 0,
          "attributes": {
            "acl": null,
            "arn": "arn:aws:s3:::security-demo-bucket-saurabh/aws-security-controls.pdf",
            "bucket": "security-demo-bucket-saurabh",
            "bucket_key_enabled": false,
            "cache_control": "",
            "checksum_algorithm": null,
            "checksum_crc32": "",
            "checksum_crc32c": "",
            "checksum_sha1": "",
            "checksum_sha256": "",
            "content": null,
            "content_base64": null,
            "content_disposition": "",
            "content_encoding": "",
            "content_language": "",
            "content_type": "application/octet-stream",
            "etag": "ab77341f5f703dd5bb305a3e017d57a9",
            "force_destroy": false,
            "id": "aws-security-controls.pdf",
            "key": "aws-security-controls.pdf",
            "kms_key_id": null,
            "metadata": {},
            "object_lock_legal_hold_status": "",
            "object_lock_mode": "",
            "object_lock_retain_until_date": "",
            "override_provider": [],
            "server_side_encryption": "AES256",
            "source": "./aws-security-controls.pdf",
            "source_hash": null,
            "storage_class": "STANDARD",
            "tags": {},
            "tags_all": {},
            "version_id": "",
            "website_redirect": ""
          },
          "sensitive_attributes": [],
          "private": "bnVsbA==",
          "dependencies": [
            "aws_s3_bucket.kendra_datasource"
          ]
        }
      ]
    }
  ],
  "check_results": null
}
