{
  "version": 4,
  "terraform_version": "1.9.1",
  "serial": 582,
  "lineage": "3601dc85-496d-0c75-8fe1-c8193077db0a",
  "outputs": {},
  "resources": [
    {
      "mode": "managed",
      "type": "aws_iam_role",
      "name": "bot_runtime_role",
      "provider": "provider[\"registry.terraform.io/hashicorp/aws\"]",
      "instances": [
        {
          "schema_version": 0,
          "attributes": {
            "arn": "arn:aws:iam::533267187815:role/LexBotRuntimeRole",
            "assume_role_policy": "{\"Statement\":[{\"Action\":\"sts:AssumeRole\",\"Effect\":\"Allow\",\"Principal\":{\"Service\":\"lexv2.amazonaws.com\"}}],\"Version\":\"2012-10-17\"}",
            "create_date": "2024-07-25T04:41:25Z",
            "description": "",
            "force_detach_policies": false,
            "id": "LexBotRuntimeRole",
            "inline_policy": [
              {
                "name": "LexRuntimeRolePolicy",
                "policy": "{\"Version\":\"2012-10-17\",\"Statement\":[{\"Action\":[\"polly:SynthesizeSpeech\",\"comprehend:DetectSentiment\",\"lambda:InvokeFunction\",\"s3:PutObject\",\"logs:CreateLogStream\",\"logs:PutLogEvents\"],\"Effect\":\"Allow\",\"Resource\":\"*\"},{\"Action\":\"s3:PutObject\",\"Effect\":\"Allow\",\"Resource\":\"arn:aws:s3:::my-llm-pdf-bucket-12344/lex-audio-logs/*\"},{\"Action\":[\"logs:CreateLogStream\",\"logs:PutLogEvents\"],\"Effect\":\"Allow\",\"Resource\":\"arn:aws:logs:us-west-2:533267187815:log-group:/aws/lex/YourStackName2\"}]}"
              },
              {
                "name": "lexlambdapolicy",
                "policy": "{\"Version\":\"2012-10-17\",\"Statement\":[{\"Action\":\"lambda:InvokeFunction\",\"Effect\":\"Allow\",\"Resource\":\"arn:aws:lambda:us-west-2:533267187815:function:GeneratePlaybookFunction\"}]}"
              }
            ],
            "managed_policy_arns": [],
            "max_session_duration": 3600,
            "name": "LexBotRuntimeRole",
            "name_prefix": "",
            "path": "/",
            "permissions_boundary": "",
            "tags": {},
            "tags_all": {},
            "unique_id": "AROAXYKJTRBTQPAFBLF2B"
          },
          "sensitive_attributes": [],
          "private": "bnVsbA=="
        }
      ]
    },
    {
      "mode": "managed",
      "type": "aws_iam_role",
      "name": "kendra_data_source_role",
      "provider": "provider[\"registry.terraform.io/hashicorp/aws\"]",
      "instances": [
        {
          "schema_version": 0,
          "attributes": {
            "arn": "arn:aws:iam::533267187815:role/KendraDataSourceRole",
            "assume_role_policy": "{\"Statement\":[{\"Action\":\"sts:AssumeRole\",\"Effect\":\"Allow\",\"Principal\":{\"Service\":\"kendra.amazonaws.com\"}}],\"Version\":\"2012-10-17\"}",
            "create_date": "2024-08-01T09:55:35Z",
            "description": "",
            "force_detach_policies": false,
            "id": "KendraDataSourceRole",
            "inline_policy": [
              {
                "name": "KendraDataSourcePolicy",
                "policy": "{\"Version\":\"2012-10-17\",\"Statement\":[{\"Action\":[\"s3:GetObject\",\"s3:ListBucket\"],\"Effect\":\"Allow\",\"Resource\":[\"arn:aws:s3:::my-llm-pdf-bucket-12344\",\"arn:aws:s3:::my-llm-pdf-bucket-12344/*\"]},{\"Action\":[\"kendra:BatchPutDocument\",\"kendra:BatchDeleteDocument\"],\"Effect\":\"Allow\",\"Resource\":\"arn:aws:kendra:us-west-2:533267187815:index/5cda8780-eba2-4a22-9b71-4d47168fef74\"}]}"
              }
            ],
            "managed_policy_arns": [],
            "max_session_duration": 3600,
            "name": "KendraDataSourceRole",
            "name_prefix": "",
            "path": "/",
            "permissions_boundary": "",
            "tags": {},
            "tags_all": {},
            "unique_id": "AROAXYKJTRBTSSZ4IOUH4"
          },
          "sensitive_attributes": [],
          "private": "bnVsbA=="
        }
      ]
    },
    {
      "mode": "managed",
      "type": "aws_iam_role",
      "name": "kendra_index_role",
      "provider": "provider[\"registry.terraform.io/hashicorp/aws\"]",
      "instances": [
        {
          "schema_version": 0,
          "attributes": {
            "arn": "arn:aws:iam::533267187815:role/KendraIndexRole",
            "assume_role_policy": "{\"Statement\":[{\"Action\":\"sts:AssumeRole\",\"Effect\":\"Allow\",\"Principal\":{\"Service\":\"kendra.amazonaws.com\"}}],\"Version\":\"2012-10-17\"}",
            "create_date": "2024-08-01T09:55:35Z",
            "description": "",
            "force_detach_policies": false,
            "id": "KendraIndexRole",
            "inline_policy": [
              {
                "name": "KendraIndexPolicy",
                "policy": "{\"Version\":\"2012-10-17\",\"Statement\":[{\"Action\":[\"s3:GetObject\",\"s3:ListBucket\"],\"Effect\":\"Allow\",\"Resource\":[\"arn:aws:s3:::my-llm-pdf-bucket-12344\",\"arn:aws:s3:::my-llm-pdf-bucket-12344/*\"]}]}"
              }
            ],
            "managed_policy_arns": [
              "arn:aws:iam::aws:policy/AWSOpsWorksCloudWatchLogs"
            ],
            "max_session_duration": 3600,
            "name": "KendraIndexRole",
            "name_prefix": "",
            "path": "/",
            "permissions_boundary": "",
            "tags": {},
            "tags_all": {},
            "unique_id": "AROAXYKJTRBTW2OGTMOXR"
          },
          "sensitive_attributes": [],
          "private": "bnVsbA=="
        }
      ]
    },
    {
      "mode": "managed",
      "type": "aws_kendra_data_source",
      "name": "kendra_data_source",
      "provider": "provider[\"registry.terraform.io/hashicorp/aws\"]",
      "instances": [
        {
          "schema_version": 0,
          "attributes": {
            "arn": "arn:aws:kendra:us-west-2:533267187815:index/5cda8780-eba2-4a22-9b71-4d47168fef74/data-source/9330e9fd-594a-4ff6-8af0-3cd720d1b98d",
            "configuration": [
              {
                "s3_configuration": [
                  {
                    "access_control_list_configuration": [],
                    "bucket_name": "my-llm-pdf-bucket-12344",
                    "documents_metadata_configuration": [],
                    "exclusion_patterns": [],
                    "inclusion_patterns": [],
                    "inclusion_prefixes": []
                  }
                ],
                "web_crawler_configuration": []
              }
            ],
            "created_at": "2024-08-01T09:57:52Z",
            "custom_document_enrichment_configuration": [],
            "data_source_id": "9330e9fd-594a-4ff6-8af0-3cd720d1b98d",
            "description": "",
            "error_message": "",
            "id": "9330e9fd-594a-4ff6-8af0-3cd720d1b98d/5cda8780-eba2-4a22-9b71-4d47168fef74",
            "index_id": "5cda8780-eba2-4a22-9b71-4d47168fef74",
            "language_code": "en",
            "name": "YourStackName-s3-datasource2",
            "role_arn": "arn:aws:iam::533267187815:role/KendraDataSourceRole",
            "schedule": "",
            "status": "ACTIVE",
            "tags": {
              "Name": "YourStackName-s3-datasource2"
            },
            "tags_all": {
              "Name": "YourStackName-s3-datasource2"
            },
            "timeouts": null,
            "type": "S3",
            "updated_at": "2024-08-01T09:57:52Z"
          },
          "sensitive_attributes": [],
          "private": "eyJlMmJmYjczMC1lY2FhLTExZTYtOGY4OC0zNDM2M2JjN2M0YzAiOnsiY3JlYXRlIjoxODAwMDAwMDAwMDAwLCJkZWxldGUiOjE4MDAwMDAwMDAwMDAsInVwZGF0ZSI6MTgwMDAwMDAwMDAwMH19",
          "dependencies": [
            "aws_iam_role.kendra_data_source_role",
            "aws_iam_role.kendra_index_role",
            "aws_kendra_index.kendra_index",
            "aws_s3_bucket.s3_bucket"
          ]
        }
      ]
    },
    {
      "mode": "managed",
      "type": "aws_kendra_index",
      "name": "kendra_index",
      "provider": "provider[\"registry.terraform.io/hashicorp/aws\"]",
      "instances": [
        {
          "schema_version": 0,
          "attributes": {
            "arn": "arn:aws:kendra:us-west-2:533267187815:index/5cda8780-eba2-4a22-9b71-4d47168fef74",
            "capacity_units": [
              {
                "query_capacity_units": 0,
                "storage_capacity_units": 0
              }
            ],
            "created_at": "2024-08-01T09:55:42Z",
            "description": "",
            "document_metadata_configuration_updates": [
              {
                "name": "_authors",
                "relevance": [
                  {
                    "duration": "",
                    "freshness": false,
                    "importance": 1,
                    "rank_order": "",
                    "values_importance_map": {}
                  }
                ],
                "search": [
                  {
                    "displayable": false,
                    "facetable": false,
                    "searchable": false,
                    "sortable": false
                  }
                ],
                "type": "STRING_LIST_VALUE"
              },
              {
                "name": "_category",
                "relevance": [
                  {
                    "duration": "",
                    "freshness": false,
                    "importance": 1,
                    "rank_order": "",
                    "values_importance_map": {}
                  }
                ],
                "search": [
                  {
                    "displayable": false,
                    "facetable": false,
                    "searchable": false,
                    "sortable": true
                  }
                ],
                "type": "STRING_VALUE"
              },
              {
                "name": "_created_at",
                "relevance": [
                  {
                    "duration": "25920000s",
                    "freshness": false,
                    "importance": 1,
                    "rank_order": "ASCENDING",
                    "values_importance_map": {}
                  }
                ],
                "search": [
                  {
                    "displayable": false,
                    "facetable": false,
                    "searchable": false,
                    "sortable": true
                  }
                ],
                "type": "DATE_VALUE"
              },
              {
                "name": "_data_source_id",
                "relevance": [
                  {
                    "duration": "",
                    "freshness": false,
                    "importance": 1,
                    "rank_order": "",
                    "values_importance_map": {}
                  }
                ],
                "search": [
                  {
                    "displayable": false,
                    "facetable": false,
                    "searchable": false,
                    "sortable": true
                  }
                ],
                "type": "STRING_VALUE"
              },
              {
                "name": "_document_title",
                "relevance": [
                  {
                    "duration": "",
                    "freshness": false,
                    "importance": 2,
                    "rank_order": "",
                    "values_importance_map": {}
                  }
                ],
                "search": [
                  {
                    "displayable": true,
                    "facetable": false,
                    "searchable": true,
                    "sortable": true
                  }
                ],
                "type": "STRING_VALUE"
              },
              {
                "name": "_excerpt_page_number",
                "relevance": [
                  {
                    "duration": "",
                    "freshness": false,
                    "importance": 1,
                    "rank_order": "ASCENDING",
                    "values_importance_map": {}
                  }
                ],
                "search": [
                  {
                    "displayable": false,
                    "facetable": false,
                    "searchable": false,
                    "sortable": false
                  }
                ],
                "type": "LONG_VALUE"
              },
              {
                "name": "_faq_id",
                "relevance": [
                  {
                    "duration": "",
                    "freshness": false,
                    "importance": 1,
                    "rank_order": "",
                    "values_importance_map": {}
                  }
                ],
                "search": [
                  {
                    "displayable": false,
                    "facetable": false,
                    "searchable": false,
                    "sortable": true
                  }
                ],
                "type": "STRING_VALUE"
              },
              {
                "name": "_file_type",
                "relevance": [
                  {
                    "duration": "",
                    "freshness": false,
                    "importance": 1,
                    "rank_order": "",
                    "values_importance_map": {}
                  }
                ],
                "search": [
                  {
                    "displayable": false,
                    "facetable": false,
                    "searchable": false,
                    "sortable": true
                  }
                ],
                "type": "STRING_VALUE"
              },
              {
                "name": "_language_code",
                "relevance": [
                  {
                    "duration": "",
                    "freshness": false,
                    "importance": 1,
                    "rank_order": "",
                    "values_importance_map": {}
                  }
                ],
                "search": [
                  {
                    "displayable": false,
                    "facetable": false,
                    "searchable": false,
                    "sortable": true
                  }
                ],
                "type": "STRING_VALUE"
              },
              {
                "name": "_last_updated_at",
                "relevance": [
                  {
                    "duration": "25920000s",
                    "freshness": false,
                    "importance": 1,
                    "rank_order": "ASCENDING",
                    "values_importance_map": {}
                  }
                ],
                "search": [
                  {
                    "displayable": false,
                    "facetable": false,
                    "searchable": false,
                    "sortable": true
                  }
                ],
                "type": "DATE_VALUE"
              },
              {
                "name": "_source_uri",
                "relevance": [
                  {
                    "duration": "",
                    "freshness": false,
                    "importance": 1,
                    "rank_order": "",
                    "values_importance_map": {}
                  }
                ],
                "search": [
                  {
                    "displayable": true,
                    "facetable": false,
                    "searchable": false,
                    "sortable": false
                  }
                ],
                "type": "STRING_VALUE"
              },
              {
                "name": "_tenant_id",
                "relevance": [
                  {
                    "duration": "",
                    "freshness": false,
                    "importance": 1,
                    "rank_order": "",
                    "values_importance_map": {}
                  }
                ],
                "search": [
                  {
                    "displayable": false,
                    "facetable": false,
                    "searchable": false,
                    "sortable": true
                  }
                ],
                "type": "STRING_VALUE"
              },
              {
                "name": "_version",
                "relevance": [
                  {
                    "duration": "",
                    "freshness": false,
                    "importance": 1,
                    "rank_order": "",
                    "values_importance_map": {}
                  }
                ],
                "search": [
                  {
                    "displayable": false,
                    "facetable": false,
                    "searchable": false,
                    "sortable": true
                  }
                ],
                "type": "STRING_VALUE"
              },
              {
                "name": "_view_count",
                "relevance": [
                  {
                    "duration": "",
                    "freshness": false,
                    "importance": 1,
                    "rank_order": "ASCENDING",
                    "values_importance_map": {}
                  }
                ],
                "search": [
                  {
                    "displayable": false,
                    "facetable": false,
                    "searchable": false,
                    "sortable": true
                  }
                ],
                "type": "LONG_VALUE"
              }
            ],
            "edition": "DEVELOPER_EDITION",
            "error_message": "",
            "id": "5cda8780-eba2-4a22-9b71-4d47168fef74",
            "index_statistics": [
              {
                "faq_statistics": [
                  {
                    "indexed_question_answers_count": 0
                  }
                ],
                "text_document_statistics": [
                  {
                    "indexed_text_bytes": 0,
                    "indexed_text_documents_count": 0
                  }
                ]
              }
            ],
            "name": "YourStackName-index2",
            "role_arn": "arn:aws:iam::533267187815:role/KendraIndexRole",
            "server_side_encryption_configuration": [],
            "status": "ACTIVE",
            "tags": {},
            "tags_all": {},
            "timeouts": null,
            "updated_at": "2024-08-01T09:55:42Z",
            "user_context_policy": "ATTRIBUTE_FILTER",
            "user_group_resolution_configuration": [],
            "user_token_configurations": []
          },
          "sensitive_attributes": [],
          "private": "eyJlMmJmYjczMC1lY2FhLTExZTYtOGY4OC0zNDM2M2JjN2M0YzAiOnsiY3JlYXRlIjozNjAwMDAwMDAwMDAwLCJkZWxldGUiOjM2MDAwMDAwMDAwMDAsInVwZGF0ZSI6MzYwMDAwMDAwMDAwMH19",
          "dependencies": [
            "aws_iam_role.kendra_index_role"
          ]
        }
      ]
    },
    {
      "mode": "managed",
      "type": "aws_lexv2models_bot",
      "name": "chatbot",
      "provider": "provider[\"registry.terraform.io/hashicorp/aws\"]",
      "instances": [
        {
          "schema_version": 0,
          "attributes": {
            "arn": "arn:aws:lex:us-west-2:533267187815:bot/DRGGBI7XLA",
            "data_privacy": [
              {
                "child_directed": false
              }
            ],
            "description": null,
            "id": "DRGGBI7XLA",
            "idle_session_ttl_in_seconds": 300,
            "members": [],
            "name": "LLMChatbot",
            "role_arn": "arn:aws:iam::533267187815:role/LexBotRuntimeRole",
            "tags": null,
            "tags_all": {},
            "test_bot_alias_tags": null,
            "timeouts": null,
            "type": "Bot"
          },
          "sensitive_attributes": [],
          "dependencies": [
            "aws_iam_role.bot_runtime_role"
          ]
        }
      ]
    },
    {
      "mode": "managed",
      "type": "aws_lexv2models_bot_locale",
      "name": "chatbot_locale",
      "provider": "provider[\"registry.terraform.io/hashicorp/aws\"]",
      "instances": [
        {
          "schema_version": 0,
          "attributes": {
            "bot_id": "DRGGBI7XLA",
            "bot_version": "DRAFT",
            "description": "LLM Bedrock Bot",
            "id": "en_US,DRGGBI7XLA,DRAFT",
            "locale_id": "en_US",
            "n_lu_intent_confidence_threshold": 0.7,
            "name": "English (US)",
            "timeouts": null,
            "voice_settings": [
              {
                "engine": "standard",
                "voice_id": "Ivy"
              }
            ]
          },
          "sensitive_attributes": [],
          "dependencies": [
            "aws_iam_role.bot_runtime_role",
            "aws_lexv2models_bot.chatbot"
          ]
        }
      ]
    },
    {
      "mode": "managed",
      "type": "aws_lexv2models_bot_version",
      "name": "chatbot",
      "provider": "provider[\"registry.terraform.io/hashicorp/aws\"]",
      "instances": [
        {
          "schema_version": 0,
          "attributes": {
            "bot_id": "DRGGBI7XLA",
            "bot_version": "3",
            "description": null,
            "id": "DRGGBI7XLA,3",
            "locale_specification": {
              "en_US": {
                "source_bot_version": "DRAFT"
              }
            },
            "timeouts": null
          },
          "sensitive_attributes": [],
          "dependencies": [
            "aws_iam_role.bot_runtime_role",
            "aws_lexv2models_bot.chatbot",
            "aws_lexv2models_bot_locale.chatbot_locale",
            "aws_lexv2models_intent.chatbot",
            "null_resource.my_bot_build"
          ]
        }
      ]
    },
    {
      "mode": "managed",
      "type": "aws_lexv2models_intent",
      "name": "chatbot",
      "provider": "provider[\"registry.terraform.io/hashicorp/aws\"]",
      "instances": [
        {
          "schema_version": 0,
          "attributes": {
            "bot_id": "DRGGBI7XLA",
            "bot_version": "DRAFT",
            "closing_setting": [],
            "confirmation_setting": [],
            "creation_date_time": "2024-08-01T10:20:24Z",
            "description": null,
            "dialog_code_hook": [
              {
                "enabled": true
              }
            ],
            "fulfillment_code_hook": [],
            "id": "EYUIODIQAF:DRGGBI7XLA:DRAFT:en_US",
            "initial_response_setting": [],
            "input_context": [],
            "intent_id": "EYUIODIQAF",
            "kendra_configuration": [],
            "last_updated_date_time": "2024-08-01T11:11:19Z",
            "locale_id": "en_US",
            "name": "HelloIntent",
            "output_context": [],
            "parent_intent_signature": null,
            "sample_utterance": [
              {
                "utterance": "Hello"
              }
            ],
            "slot_priority": [],
            "timeouts": null
          },
          "sensitive_attributes": [],
          "dependencies": [
            "aws_iam_role.bot_runtime_role",
            "aws_lexv2models_bot.chatbot",
            "aws_lexv2models_bot_locale.chatbot_locale"
          ]
        }
      ]
    },
    {
      "mode": "managed",
      "type": "aws_s3_bucket",
      "name": "s3_bucket",
      "provider": "provider[\"registry.terraform.io/hashicorp/aws\"]",
      "instances": [
        {
          "schema_version": 0,
          "attributes": {
            "acceleration_status": "",
            "acl": null,
            "arn": "arn:aws:s3:::my-llm-pdf-bucket-12344",
            "bucket": "my-llm-pdf-bucket-12344",
            "bucket_domain_name": "my-llm-pdf-bucket-12344.s3.amazonaws.com",
            "bucket_prefix": "",
            "bucket_regional_domain_name": "my-llm-pdf-bucket-12344.s3.us-west-2.amazonaws.com",
            "cors_rule": [],
            "force_destroy": false,
            "grant": [
              {
                "id": "08aa3adb7c3bf57a599b5636c67c3766b8b1226a55b4f8d33b364f8d4a71e786",
                "permissions": [
                  "FULL_CONTROL"
                ],
                "type": "CanonicalUser",
                "uri": ""
              }
            ],
            "hosted_zone_id": "Z3BJ6K6RIION7M",
            "id": "my-llm-pdf-bucket-12344",
            "lifecycle_rule": [],
            "logging": [],
            "object_lock_configuration": [],
            "object_lock_enabled": false,
            "policy": "",
            "region": "us-west-2",
            "replication_configuration": [],
            "request_payer": "BucketOwner",
            "server_side_encryption_configuration": [
              {
                "rule": [
                  {
                    "apply_server_side_encryption_by_default": [
                      {
                        "kms_master_key_id": "",
                        "sse_algorithm": "AES256"
                      }
                    ],
                    "bucket_key_enabled": false
                  }
                ]
              }
            ],
            "tags": {},
            "tags_all": {},
            "timeouts": null,
            "versioning": [
              {
                "enabled": false,
                "mfa_delete": false
              }
            ],
            "website": [],
            "website_domain": null,
            "website_endpoint": null
          },
          "sensitive_attributes": [],
          "private": "eyJlMmJmYjczMC1lY2FhLTExZTYtOGY4OC0zNDM2M2JjN2M0YzAiOnsiY3JlYXRlIjoxMjAwMDAwMDAwMDAwLCJkZWxldGUiOjM2MDAwMDAwMDAwMDAsInJlYWQiOjEyMDAwMDAwMDAwMDAsInVwZGF0ZSI6MTIwMDAwMDAwMDAwMH19"
        }
      ]
    },
    {
      "mode": "managed",
      "type": "awscc_bedrock_guardrail",
      "name": "pii_masking_guardrail",
      "provider": "provider[\"registry.terraform.io/hashicorp/awscc\"]",
      "instances": [
        {
          "schema_version": 1,
          "attributes": {
            "blocked_input_messaging": "Blocked input",
            "blocked_outputs_messaging": "Blocked output",
            "content_policy_config": null,
            "created_at": "2024-08-01T09:28:24.813218170Z",
            "description": "Guardrail to mask sensitive and PII information in AWS Bedrock",
            "failure_recommendations": null,
            "guardrail_arn": "arn:aws:bedrock:us-west-2:533267187815:guardrail/5klm5wgjsrv3",
            "guardrail_id": "5klm5wgjsrv3",
            "id": "arn:aws:bedrock:us-west-2:533267187815:guardrail/5klm5wgjsrv3",
            "kms_key_arn": null,
            "name": "PII-Masking-Guardrail",
            "sensitive_information_policy_config": {
              "pii_entities_config": [
                {
                  "action": "BLOCK",
                  "type": "NAME"
                },
                {
                  "action": "BLOCK",
                  "type": "DRIVER_ID"
                },
                {
                  "action": "ANONYMIZE",
                  "type": "USERNAME"
                },
                {
                  "action": "ANONYMIZE",
                  "type": "EMAIL"
                },
                {
                  "action": "ANONYMIZE",
                  "type": "PHONE"
                },
                {
                  "action": "BLOCK",
                  "type": "US_SOCIAL_SECURITY_NUMBER"
                },
                {
                  "action": "ANONYMIZE",
                  "type": "CREDIT_DEBIT_CARD_NUMBER"
                },
                {
                  "action": "ANONYMIZE",
                  "type": "ADDRESS"
                },
                {
                  "action": "ANONYMIZE",
                  "type": "IP_ADDRESS"
                },
                {
                  "action": "ANONYMIZE",
                  "type": "AGE"
                },
                {
                  "action": "BLOCK",
                  "type": "AWS_ACCESS_KEY"
                },
                {
                  "action": "BLOCK",
                  "type": "AWS_SECRET_KEY"
                }
              ],
              "regexes_config": [
                {
                  "action": "BLOCK",
                  "description": "Block SSN-like patterns",
                  "name": "ssn_pattern",
                  "pattern": "^\\d{3}-\\d{2}-\\d{4}$"
                },
                {
                  "action": "ANONYMIZE",
                  "description": "Mask custom employee ID format",
                  "name": "employee_id_pattern",
                  "pattern": "EMP-\\d{6}"
                }
              ]
            },
            "status": "READY",
            "status_reasons": null,
            "tags": null,
            "topic_policy_config": null,
            "updated_at": "2024-08-01T10:53:01.432253084Z",
            "version": "DRAFT",
            "word_policy_config": null
          },
          "sensitive_attributes": []
        }
      ]
    },
    {
      "mode": "managed",
      "type": "null_resource",
      "name": "my_bot_build",
      "provider": "provider[\"registry.terraform.io/hashicorp/null\"]",
      "instances": [
        {
          "schema_version": 0,
          "attributes": {
            "id": "4478727099857439023",
            "triggers": {
              "bot_id": "DRGGBI7XLA",
              "locale_id": "en_US"
            }
          },
          "sensitive_attributes": [],
          "dependencies": [
            "aws_iam_role.bot_runtime_role",
            "aws_lexv2models_bot.chatbot",
            "aws_lexv2models_bot_locale.chatbot_locale",
            "aws_lexv2models_intent.chatbot"
          ]
        }
      ]
    }
  ],
  "check_results": null
}
